// !$*UTF8*$!
{
	archiveVersion = 1;
	classes = {
	};
	objectVersion = 46;
	objects = {

/* Begin PBXBuildFile section */
		3F573C739D84EF9D9EA4E332 /* Pods_aidify.framework in Frameworks */ = {isa = PBXBuildFile; fileRef = A40B7447111A8A595FA2790E /* Pods_aidify.framework */; };
		9A3CEDFD1CAAF49B00EFC8A7 /* AIDConstants.swift in Sources */ = {isa = PBXBuildFile; fileRef = 9A3CEDFC1CAAF49B00EFC8A7 /* AIDConstants.swift */; };
		9A3CEE081CAB089F00EFC8A7 /* ProfileAPIDataManager.swift in Sources */ = {isa = PBXBuildFile; fileRef = 9A3CEE071CAB089F00EFC8A7 /* ProfileAPIDataManager.swift */; };
		9A3CEE0A1CAB08AA00EFC8A7 /* ProfileLocalDataManager.swift in Sources */ = {isa = PBXBuildFile; fileRef = 9A3CEE091CAB08AA00EFC8A7 /* ProfileLocalDataManager.swift */; };
		9A3CEE0D1CAB08B400EFC8A7 /* ProfileInteractor.swift in Sources */ = {isa = PBXBuildFile; fileRef = 9A3CEE0B1CAB08B400EFC8A7 /* ProfileInteractor.swift */; };
		9A3CEE0E1CAB08B400EFC8A7 /* ProfileItem.swift in Sources */ = {isa = PBXBuildFile; fileRef = 9A3CEE0C1CAB08B400EFC8A7 /* ProfileItem.swift */; };
		9A3CEE101CAB08BC00EFC8A7 /* ProfilePresenter.swift in Sources */ = {isa = PBXBuildFile; fileRef = 9A3CEE0F1CAB08BC00EFC8A7 /* ProfilePresenter.swift */; };
		9A3CEE121CAB08C200EFC8A7 /* ProfileProtocols.swift in Sources */ = {isa = PBXBuildFile; fileRef = 9A3CEE111CAB08C200EFC8A7 /* ProfileProtocols.swift */; };
		9A3CEE141CAB08CA00EFC8A7 /* ProfileView.swift in Sources */ = {isa = PBXBuildFile; fileRef = 9A3CEE131CAB08CA00EFC8A7 /* ProfileView.swift */; };
		9A3CEE161CAB08D100EFC8A7 /* ProfileWireFrame.swift in Sources */ = {isa = PBXBuildFile; fileRef = 9A3CEE151CAB08D100EFC8A7 /* ProfileWireFrame.swift */; };
		9A3CEE181CAB1D1D00EFC8A7 /* RootWireFrame.swift in Sources */ = {isa = PBXBuildFile; fileRef = 9A3CEE171CAB1D1D00EFC8A7 /* RootWireFrame.swift */; };
		9A3CEE1B1CAB235B00EFC8A7 /* ProfileView.xib in Resources */ = {isa = PBXBuildFile; fileRef = 9A3CEE191CAB235B00EFC8A7 /* ProfileView.xib */; };
		9A4011541C9EFD880038BC2D /* AIDColor.swift in Sources */ = {isa = PBXBuildFile; fileRef = 9A4011531C9EFD880038BC2D /* AIDColor.swift */; };
		9A4011561C9F00F80038BC2D /* AIDFont.swift in Sources */ = {isa = PBXBuildFile; fileRef = 9A4011551C9F00F80038BC2D /* AIDFont.swift */; };
		9A40115B1C9F0C0D0038BC2D /* AllerDisplay.ttf in Resources */ = {isa = PBXBuildFile; fileRef = 9A4011581C9F0C0D0038BC2D /* AllerDisplay.ttf */; };
		9A40115C1C9F0C0D0038BC2D /* Raleway-Light.ttf in Resources */ = {isa = PBXBuildFile; fileRef = 9A4011591C9F0C0D0038BC2D /* Raleway-Light.ttf */; };
		9A40115D1C9F0C0D0038BC2D /* Raleway-Medium.ttf in Resources */ = {isa = PBXBuildFile; fileRef = 9A40115A1C9F0C0D0038BC2D /* Raleway-Medium.ttf */; };
		9A40115F1C9F11BC0038BC2D /* AppDependencies.swift in Sources */ = {isa = PBXBuildFile; fileRef = 9A40115E1C9F11BC0038BC2D /* AppDependencies.swift */; };
		9A4A0B441CAEFCA4006DA919 /* AIDButton.swift in Sources */ = {isa = PBXBuildFile; fileRef = 9A4A0B431CAEFCA4006DA919 /* AIDButton.swift */; };
		9A6141991CA9CC38009ACE34 /* UserManager.swift in Sources */ = {isa = PBXBuildFile; fileRef = 9A6141981CA9CC38009ACE34 /* UserManager.swift */; };
		9A61419B1CA9CC62009ACE34 /* User.swift in Sources */ = {isa = PBXBuildFile; fileRef = 9A61419A1CA9CC62009ACE34 /* User.swift */; };
		9A6B1ADF1C9DC36A006D7A7C /* AppDelegate.swift in Sources */ = {isa = PBXBuildFile; fileRef = 9A6B1ADE1C9DC36A006D7A7C /* AppDelegate.swift */; };
		9A6B1AE91C9DC36A006D7A7C /* LaunchScreen.storyboard in Resources */ = {isa = PBXBuildFile; fileRef = 9A6B1AE71C9DC36A006D7A7C /* LaunchScreen.storyboard */; };
		9A6B1AF41C9DC36A006D7A7C /* UserManagerTests.swift in Sources */ = {isa = PBXBuildFile; fileRef = 9A6B1AF31C9DC36A006D7A7C /* UserManagerTests.swift */; };
		9A92D4DD1CA448F100AEB182 /* LoginAPIDataManager.swift in Sources */ = {isa = PBXBuildFile; fileRef = 9A92D4DC1CA448F100AEB182 /* LoginAPIDataManager.swift */; };
		9A92D4E21CA4492500AEB182 /* LoginLocalDataManager.swift in Sources */ = {isa = PBXBuildFile; fileRef = 9A92D4E11CA4492500AEB182 /* LoginLocalDataManager.swift */; };
		9A92D4E61CA4494600AEB182 /* LoginInteractor.swift in Sources */ = {isa = PBXBuildFile; fileRef = 9A92D4E41CA4494600AEB182 /* LoginInteractor.swift */; };
		9A92D4E71CA4494600AEB182 /* LoginItem.swift in Sources */ = {isa = PBXBuildFile; fileRef = 9A92D4E51CA4494600AEB182 /* LoginItem.swift */; };
		9A92D4EA1CA4495D00AEB182 /* LoginPresenter.swift in Sources */ = {isa = PBXBuildFile; fileRef = 9A92D4E91CA4495D00AEB182 /* LoginPresenter.swift */; };
		9A92D4ED1CA4497800AEB182 /* LoginProtocols.swift in Sources */ = {isa = PBXBuildFile; fileRef = 9A92D4EC1CA4497800AEB182 /* LoginProtocols.swift */; };
		9A92D4F01CA4499100AEB182 /* LoginView.swift in Sources */ = {isa = PBXBuildFile; fileRef = 9A92D4EF1CA4499100AEB182 /* LoginView.swift */; };
		9A92D4F31CA449C100AEB182 /* LoginWireFrame.swift in Sources */ = {isa = PBXBuildFile; fileRef = 9A92D4F21CA449C100AEB182 /* LoginWireFrame.swift */; };
		9A92D4F61CA44CB900AEB182 /* LoginView.xib in Resources */ = {isa = PBXBuildFile; fileRef = 9A92D4F41CA44CB900AEB182 /* LoginView.xib */; };
		9A92D4F91CA4689C00AEB182 /* AIDTextField.swift in Sources */ = {isa = PBXBuildFile; fileRef = 9A92D4F81CA4689C00AEB182 /* AIDTextField.swift */; };
		9A9469A21CAD952D001B6733 /* SettingsAPIDataManager.swift in Sources */ = {isa = PBXBuildFile; fileRef = 9A9469A11CAD952D001B6733 /* SettingsAPIDataManager.swift */; };
		9A9469A41CAD953C001B6733 /* SettingsLocalDataManager.swift in Sources */ = {isa = PBXBuildFile; fileRef = 9A9469A31CAD953C001B6733 /* SettingsLocalDataManager.swift */; };
		9A9469AC1CAD9584001B6733 /* SettingsInteractor.swift in Sources */ = {isa = PBXBuildFile; fileRef = 9A9469AA1CAD9584001B6733 /* SettingsInteractor.swift */; };
		9A9469AD1CAD9584001B6733 /* SettingsItem.swift in Sources */ = {isa = PBXBuildFile; fileRef = 9A9469AB1CAD9584001B6733 /* SettingsItem.swift */; };
		9A9469AF1CAD958E001B6733 /* SettingsPresenter.swift in Sources */ = {isa = PBXBuildFile; fileRef = 9A9469AE1CAD958E001B6733 /* SettingsPresenter.swift */; };
		9A9469B11CAD9596001B6733 /* SettingsProtocols.swift in Sources */ = {isa = PBXBuildFile; fileRef = 9A9469B01CAD9596001B6733 /* SettingsProtocols.swift */; };
		9A9469B31CAD95A0001B6733 /* SettingsView.swift in Sources */ = {isa = PBXBuildFile; fileRef = 9A9469B21CAD95A0001B6733 /* SettingsView.swift */; };
		9A9469B51CAD95A8001B6733 /* SettingsWireFrame.swift in Sources */ = {isa = PBXBuildFile; fileRef = 9A9469B41CAD95A8001B6733 /* SettingsWireFrame.swift */; };
		9A9469B81CAD96C0001B6733 /* SettingsView.xib in Resources */ = {isa = PBXBuildFile; fileRef = 9A9469B61CAD96C0001B6733 /* SettingsView.xib */; };
		9A9469BA1CADC84D001B6733 /* Assets.xcassets in Resources */ = {isa = PBXBuildFile; fileRef = 9A9469B91CADC84D001B6733 /* Assets.xcassets */; };
		9AC63E241CAC481B00AD6439 /* UserTests.swift in Sources */ = {isa = PBXBuildFile; fileRef = 9AC63E231CAC481B00AD6439 /* UserTests.swift */; };
		9AC63E261CAC570A00AD6439 /* AIDNavigationController.swift in Sources */ = {isa = PBXBuildFile; fileRef = 9AC63E251CAC570A00AD6439 /* AIDNavigationController.swift */; };
		9ADA5B131CA6BC2200C4B285 /* AIDProgressView.swift in Sources */ = {isa = PBXBuildFile; fileRef = 9ADA5B121CA6BC2200C4B285 /* AIDProgressView.swift */; };
		9ADA5B181CA6FB2D00C4B285 /* AIDViewController.swift in Sources */ = {isa = PBXBuildFile; fileRef = 9ADA5B171CA6FB2D00C4B285 /* AIDViewController.swift */; };
		9ADB63641CA54DE100BCC7FF /* Raleway-Bold.ttf in Resources */ = {isa = PBXBuildFile; fileRef = 9ADB63631CA53B4500BCC7FF /* Raleway-Bold.ttf */; };
		9ADB63661CA5535C00BCC7FF /* Raleway-Regular.ttf in Resources */ = {isa = PBXBuildFile; fileRef = 9ADB63651CA5535400BCC7FF /* Raleway-Regular.ttf */; };
		9AFD61051CA408F600E1CC32 /* APIClient.swift in Sources */ = {isa = PBXBuildFile; fileRef = 9AFD61021CA408F600E1CC32 /* APIClient.swift */; };
		9AFD61061CA408F600E1CC32 /* JSONDecodable.swift in Sources */ = {isa = PBXBuildFile; fileRef = 9AFD61031CA408F600E1CC32 /* JSONDecodable.swift */; };
		9AFD61071CA408F600E1CC32 /* Resource.swift in Sources */ = {isa = PBXBuildFile; fileRef = 9AFD61041CA408F600E1CC32 /* Resource.swift */; };
		EB04EBA31CB947A1006AF1EB /* NearableManager.swift in Sources */ = {isa = PBXBuildFile; fileRef = EB04EBA21CB947A1006AF1EB /* NearableManager.swift */; };
		EB16F8C71CB5A15B00694D04 /* ImageLoader.swift in Sources */ = {isa = PBXBuildFile; fileRef = EB16F8C61CB5A15B00694D04 /* ImageLoader.swift */; };
		EB16F8C91CB5BD4400694D04 /* ProfileChart.swift in Sources */ = {isa = PBXBuildFile; fileRef = EB16F8C81CB5BD4400694D04 /* ProfileChart.swift */; };
		EB274B011CB6E3BE00841EDA /* UserStats.swift in Sources */ = {isa = PBXBuildFile; fileRef = EB274B001CB6E3BE00841EDA /* UserStats.swift */; };
		EB292FCE1CADB21E00D39463 /* PairingWireFrame.swift in Sources */ = {isa = PBXBuildFile; fileRef = EB292FCD1CADB21E00D39463 /* PairingWireFrame.swift */; };
		EB292FD01CADB22B00D39463 /* PairingProtocols.swift in Sources */ = {isa = PBXBuildFile; fileRef = EB292FCF1CADB22B00D39463 /* PairingProtocols.swift */; };
		EB292FD21CADB23700D39463 /* PairingPresenter.swift in Sources */ = {isa = PBXBuildFile; fileRef = EB292FD11CADB23700D39463 /* PairingPresenter.swift */; };
		EB292FD51CADB25200D39463 /* PairingInteractor.swift in Sources */ = {isa = PBXBuildFile; fileRef = EB292FD31CADB25200D39463 /* PairingInteractor.swift */; };
		EB292FD61CADB25200D39463 /* PairingItem.swift in Sources */ = {isa = PBXBuildFile; fileRef = EB292FD41CADB25200D39463 /* PairingItem.swift */; };
		EB292FD81CADB25C00D39463 /* PairingView.swift in Sources */ = {isa = PBXBuildFile; fileRef = EB292FD71CADB25C00D39463 /* PairingView.swift */; };
		EB292FDA1CADB26A00D39463 /* PairingAPIDataManager.swift in Sources */ = {isa = PBXBuildFile; fileRef = EB292FD91CADB26A00D39463 /* PairingAPIDataManager.swift */; };
		EB292FDC1CADB27200D39463 /* PairingLocalDataManager.swift in Sources */ = {isa = PBXBuildFile; fileRef = EB292FDB1CADB27200D39463 /* PairingLocalDataManager.swift */; };
		EB4468221CB2DDF4002BB61C /* UserData.swift in Sources */ = {isa = PBXBuildFile; fileRef = EB4468211CB2DDF4002BB61C /* UserData.swift */; };
		EB6233D71CB6E52D00BFB567 /* UserProfileItem.swift in Sources */ = {isa = PBXBuildFile; fileRef = EB6233D61CB6E52D00BFB567 /* UserProfileItem.swift */; };
		EB6233D91CB6E56100BFB567 /* UserStatItem.swift in Sources */ = {isa = PBXBuildFile; fileRef = EB6233D81CB6E56100BFB567 /* UserStatItem.swift */; };
		EB6233DB1CB6E61100BFB567 /* UserItemProtocol.swift in Sources */ = {isa = PBXBuildFile; fileRef = EB6233DA1CB6E61100BFB567 /* UserItemProtocol.swift */; };
		EB6233DD1CB6EA1B00BFB567 /* ActivityDrawer.swift in Sources */ = {isa = PBXBuildFile; fileRef = EB6233DC1CB6EA1B00BFB567 /* ActivityDrawer.swift */; };
		EB6233DF1CB6EA4E00BFB567 /* ActivityDrawerProtocol.swift in Sources */ = {isa = PBXBuildFile; fileRef = EB6233DE1CB6EA4E00BFB567 /* ActivityDrawerProtocol.swift */; };
		EB6CC5451CB6E323002BEEB3 /* UserActivity.swift in Sources */ = {isa = PBXBuildFile; fileRef = EB6CC5441CB6E323002BEEB3 /* UserActivity.swift */; };
		EB929F4B1CB853FE007D220D /* UIImage+Blur.swift in Sources */ = {isa = PBXBuildFile; fileRef = EB929F4A1CB853FE007D220D /* UIImage+Blur.swift */; };
		EBBBC1A71CB01F8A00034456 /* PairingView.xib in Resources */ = {isa = PBXBuildFile; fileRef = EBBBC1A51CB01F8A00034456 /* PairingView.xib */; };
		EBBBC1AA1CB0622300034456 /* ProfileUserCell.swift in Sources */ = {isa = PBXBuildFile; fileRef = EBBBC1A81CB0622300034456 /* ProfileUserCell.swift */; };
		EBBBC1AB1CB0622300034456 /* ProfileUserCell.xib in Resources */ = {isa = PBXBuildFile; fileRef = EBBBC1A91CB0622300034456 /* ProfileUserCell.xib */; };
		EBBBC1AE1CB0628400034456 /* ProfilePunctuationCell.swift in Sources */ = {isa = PBXBuildFile; fileRef = EBBBC1AC1CB0628400034456 /* ProfilePunctuationCell.swift */; };
		EBBBC1AF1CB0628400034456 /* ProfilePunctuationCell.xib in Resources */ = {isa = PBXBuildFile; fileRef = EBBBC1AD1CB0628400034456 /* ProfilePunctuationCell.xib */; };
		EBBBC1B71CB06D1700034456 /* ViewInitializers.swift in Sources */ = {isa = PBXBuildFile; fileRef = EBBBC1B61CB06D1700034456 /* ViewInitializers.swift */; };
		EBBBC1BA1CB085F200034456 /* ActivityWireFrame.swift in Sources */ = {isa = PBXBuildFile; fileRef = EBBBC1B91CB085F200034456 /* ActivityWireFrame.swift */; };
		EBBBC1BC1CB0860500034456 /* ActivityView.swift in Sources */ = {isa = PBXBuildFile; fileRef = EBBBC1BB1CB0860500034456 /* ActivityView.swift */; };
		EBBBC1BE1CB0860D00034456 /* ActivityProtocols.swift in Sources */ = {isa = PBXBuildFile; fileRef = EBBBC1BD1CB0860D00034456 /* ActivityProtocols.swift */; };
		EBBBC1C01CB0861600034456 /* ActivityPresenter.swift in Sources */ = {isa = PBXBuildFile; fileRef = EBBBC1BF1CB0861600034456 /* ActivityPresenter.swift */; };
		EBBBC1C31CB0861E00034456 /* ActivityInteractor.swift in Sources */ = {isa = PBXBuildFile; fileRef = EBBBC1C11CB0861E00034456 /* ActivityInteractor.swift */; };
		EBBBC1C41CB0861E00034456 /* ActivityItem.swift in Sources */ = {isa = PBXBuildFile; fileRef = EBBBC1C21CB0861E00034456 /* ActivityItem.swift */; };
		EBBBC1C61CB0862C00034456 /* ActivityAPIDataManager.swift in Sources */ = {isa = PBXBuildFile; fileRef = EBBBC1C51CB0862C00034456 /* ActivityAPIDataManager.swift */; };
		EBBBC1C81CB0863400034456 /* ActivityLocalDataManager.swift in Sources */ = {isa = PBXBuildFile; fileRef = EBBBC1C71CB0863400034456 /* ActivityLocalDataManager.swift */; };
		EBBBC1D01CB086A000034456 /* ActivityView.xib in Resources */ = {isa = PBXBuildFile; fileRef = EBBBC1CF1CB086A000034456 /* ActivityView.xib */; };
		EBBBC1D31CB0882600034456 /* ActivityCell.swift in Sources */ = {isa = PBXBuildFile; fileRef = EBBBC1D11CB0882600034456 /* ActivityCell.swift */; };
		EBBBC1D41CB0882600034456 /* ActivityCell.xib in Resources */ = {isa = PBXBuildFile; fileRef = EBBBC1D21CB0882600034456 /* ActivityCell.xib */; };
		EBBBC1D61CB1BAD700034456 /* UserAPI.swift in Sources */ = {isa = PBXBuildFile; fileRef = EBBBC1D51CB1BAD700034456 /* UserAPI.swift */; };
/* End PBXBuildFile section */

/* Begin PBXContainerItemProxy section */
		9A6B1AF01C9DC36A006D7A7C /* PBXContainerItemProxy */ = {
			isa = PBXContainerItemProxy;
			containerPortal = 9A6B1AD31C9DC36A006D7A7C /* Project object */;
			proxyType = 1;
			remoteGlobalIDString = 9A6B1ADA1C9DC36A006D7A7C;
			remoteInfo = aidify;
		};
/* End PBXContainerItemProxy section */

/* Begin PBXFileReference section */
		53ECC2D926BDF483868E43B1 /* Pods-aidify.release.xcconfig */ = {isa = PBXFileReference; includeInIndex = 1; lastKnownFileType = text.xcconfig; name = "Pods-aidify.release.xcconfig"; path = "Pods/Target Support Files/Pods-aidify/Pods-aidify.release.xcconfig"; sourceTree = "<group>"; };
		9A3CEDFC1CAAF49B00EFC8A7 /* AIDConstants.swift */ = {isa = PBXFileReference; fileEncoding = 4; lastKnownFileType = sourcecode.swift; name = AIDConstants.swift; path = Classes/AIDConstants.swift; sourceTree = "<group>"; };
		9A3CEE071CAB089F00EFC8A7 /* ProfileAPIDataManager.swift */ = {isa = PBXFileReference; fileEncoding = 4; lastKnownFileType = sourcecode.swift; path = ProfileAPIDataManager.swift; sourceTree = "<group>"; };
		9A3CEE091CAB08AA00EFC8A7 /* ProfileLocalDataManager.swift */ = {isa = PBXFileReference; fileEncoding = 4; lastKnownFileType = sourcecode.swift; path = ProfileLocalDataManager.swift; sourceTree = "<group>"; };
		9A3CEE0B1CAB08B400EFC8A7 /* ProfileInteractor.swift */ = {isa = PBXFileReference; fileEncoding = 4; lastKnownFileType = sourcecode.swift; path = ProfileInteractor.swift; sourceTree = "<group>"; };
		9A3CEE0C1CAB08B400EFC8A7 /* ProfileItem.swift */ = {isa = PBXFileReference; fileEncoding = 4; lastKnownFileType = sourcecode.swift; path = ProfileItem.swift; sourceTree = "<group>"; };
		9A3CEE0F1CAB08BC00EFC8A7 /* ProfilePresenter.swift */ = {isa = PBXFileReference; fileEncoding = 4; lastKnownFileType = sourcecode.swift; path = ProfilePresenter.swift; sourceTree = "<group>"; };
		9A3CEE111CAB08C200EFC8A7 /* ProfileProtocols.swift */ = {isa = PBXFileReference; fileEncoding = 4; lastKnownFileType = sourcecode.swift; path = ProfileProtocols.swift; sourceTree = "<group>"; };
		9A3CEE131CAB08CA00EFC8A7 /* ProfileView.swift */ = {isa = PBXFileReference; fileEncoding = 4; lastKnownFileType = sourcecode.swift; path = ProfileView.swift; sourceTree = "<group>"; };
		9A3CEE151CAB08D100EFC8A7 /* ProfileWireFrame.swift */ = {isa = PBXFileReference; fileEncoding = 4; lastKnownFileType = sourcecode.swift; path = ProfileWireFrame.swift; sourceTree = "<group>"; };
		9A3CEE171CAB1D1D00EFC8A7 /* RootWireFrame.swift */ = {isa = PBXFileReference; fileEncoding = 4; lastKnownFileType = sourcecode.swift; name = RootWireFrame.swift; path = Classes/RootWireFrame.swift; sourceTree = "<group>"; };
		9A3CEE1A1CAB235B00EFC8A7 /* Base */ = {isa = PBXFileReference; lastKnownFileType = file.xib; name = Base; path = aidify/Base.lproj/ProfileView.xib; sourceTree = SOURCE_ROOT; };
		9A4011531C9EFD880038BC2D /* AIDColor.swift */ = {isa = PBXFileReference; fileEncoding = 4; lastKnownFileType = sourcecode.swift; path = AIDColor.swift; sourceTree = "<group>"; };
		9A4011551C9F00F80038BC2D /* AIDFont.swift */ = {isa = PBXFileReference; fileEncoding = 4; lastKnownFileType = sourcecode.swift; path = AIDFont.swift; sourceTree = "<group>"; };
		9A4011581C9F0C0D0038BC2D /* AllerDisplay.ttf */ = {isa = PBXFileReference; lastKnownFileType = file; path = AllerDisplay.ttf; sourceTree = "<group>"; };
		9A4011591C9F0C0D0038BC2D /* Raleway-Light.ttf */ = {isa = PBXFileReference; lastKnownFileType = file; path = "Raleway-Light.ttf"; sourceTree = "<group>"; };
		9A40115A1C9F0C0D0038BC2D /* Raleway-Medium.ttf */ = {isa = PBXFileReference; lastKnownFileType = file; path = "Raleway-Medium.ttf"; sourceTree = "<group>"; };
		9A40115E1C9F11BC0038BC2D /* AppDependencies.swift */ = {isa = PBXFileReference; fileEncoding = 4; lastKnownFileType = sourcecode.swift; name = AppDependencies.swift; path = Classes/AppDependencies.swift; sourceTree = "<group>"; };
		9A4A0B431CAEFCA4006DA919 /* AIDButton.swift */ = {isa = PBXFileReference; fileEncoding = 4; lastKnownFileType = sourcecode.swift; name = AIDButton.swift; path = Classes/AIDButton.swift; sourceTree = "<group>"; };
		9A6141981CA9CC38009ACE34 /* UserManager.swift */ = {isa = PBXFileReference; fileEncoding = 4; lastKnownFileType = sourcecode.swift; name = UserManager.swift; path = Classes/UserManager.swift; sourceTree = "<group>"; };
		9A61419A1CA9CC62009ACE34 /* User.swift */ = {isa = PBXFileReference; fileEncoding = 4; lastKnownFileType = sourcecode.swift; name = User.swift; path = Classes/User.swift; sourceTree = "<group>"; };
		9A6B1ADB1C9DC36A006D7A7C /* aidify.app */ = {isa = PBXFileReference; explicitFileType = wrapper.application; includeInIndex = 0; path = aidify.app; sourceTree = BUILT_PRODUCTS_DIR; };
		9A6B1ADE1C9DC36A006D7A7C /* AppDelegate.swift */ = {isa = PBXFileReference; lastKnownFileType = sourcecode.swift; name = AppDelegate.swift; path = Classes/AppDelegate.swift; sourceTree = "<group>"; };
		9A6B1AE81C9DC36A006D7A7C /* Base */ = {isa = PBXFileReference; lastKnownFileType = file.storyboard; name = Base; path = Base.lproj/LaunchScreen.storyboard; sourceTree = "<group>"; };
		9A6B1AEA1C9DC36A006D7A7C /* Info.plist */ = {isa = PBXFileReference; lastKnownFileType = text.plist.xml; path = Info.plist; sourceTree = "<group>"; };
		9A6B1AEF1C9DC36A006D7A7C /* aidifyTests.xctest */ = {isa = PBXFileReference; explicitFileType = wrapper.cfbundle; includeInIndex = 0; path = aidifyTests.xctest; sourceTree = BUILT_PRODUCTS_DIR; };
		9A6B1AF31C9DC36A006D7A7C /* UserManagerTests.swift */ = {isa = PBXFileReference; lastKnownFileType = sourcecode.swift; path = UserManagerTests.swift; sourceTree = "<group>"; };
		9A6B1AF51C9DC36A006D7A7C /* Info.plist */ = {isa = PBXFileReference; lastKnownFileType = text.plist.xml; path = Info.plist; sourceTree = "<group>"; };
		9A92D4DC1CA448F100AEB182 /* LoginAPIDataManager.swift */ = {isa = PBXFileReference; fileEncoding = 4; lastKnownFileType = sourcecode.swift; path = LoginAPIDataManager.swift; sourceTree = "<group>"; };
		9A92D4E11CA4492500AEB182 /* LoginLocalDataManager.swift */ = {isa = PBXFileReference; fileEncoding = 4; lastKnownFileType = sourcecode.swift; path = LoginLocalDataManager.swift; sourceTree = "<group>"; };
		9A92D4E41CA4494600AEB182 /* LoginInteractor.swift */ = {isa = PBXFileReference; fileEncoding = 4; lastKnownFileType = sourcecode.swift; path = LoginInteractor.swift; sourceTree = "<group>"; };
		9A92D4E51CA4494600AEB182 /* LoginItem.swift */ = {isa = PBXFileReference; fileEncoding = 4; lastKnownFileType = sourcecode.swift; path = LoginItem.swift; sourceTree = "<group>"; };
		9A92D4E91CA4495D00AEB182 /* LoginPresenter.swift */ = {isa = PBXFileReference; fileEncoding = 4; lastKnownFileType = sourcecode.swift; path = LoginPresenter.swift; sourceTree = "<group>"; };
		9A92D4EC1CA4497800AEB182 /* LoginProtocols.swift */ = {isa = PBXFileReference; fileEncoding = 4; lastKnownFileType = sourcecode.swift; path = LoginProtocols.swift; sourceTree = "<group>"; };
		9A92D4EF1CA4499100AEB182 /* LoginView.swift */ = {isa = PBXFileReference; fileEncoding = 4; lastKnownFileType = sourcecode.swift; path = LoginView.swift; sourceTree = "<group>"; };
		9A92D4F21CA449C100AEB182 /* LoginWireFrame.swift */ = {isa = PBXFileReference; fileEncoding = 4; lastKnownFileType = sourcecode.swift; path = LoginWireFrame.swift; sourceTree = "<group>"; };
		9A92D4F51CA44CB900AEB182 /* Base */ = {isa = PBXFileReference; lastKnownFileType = file.xib; name = Base; path = Base.lproj/LoginView.xib; sourceTree = "<group>"; };
		9A92D4F81CA4689C00AEB182 /* AIDTextField.swift */ = {isa = PBXFileReference; fileEncoding = 4; lastKnownFileType = sourcecode.swift; name = AIDTextField.swift; path = Classes/AIDTextField.swift; sourceTree = "<group>"; };
		9A9469A11CAD952D001B6733 /* SettingsAPIDataManager.swift */ = {isa = PBXFileReference; fileEncoding = 4; lastKnownFileType = sourcecode.swift; path = SettingsAPIDataManager.swift; sourceTree = "<group>"; };
		9A9469A31CAD953C001B6733 /* SettingsLocalDataManager.swift */ = {isa = PBXFileReference; fileEncoding = 4; lastKnownFileType = sourcecode.swift; path = SettingsLocalDataManager.swift; sourceTree = "<group>"; };
		9A9469AA1CAD9584001B6733 /* SettingsInteractor.swift */ = {isa = PBXFileReference; fileEncoding = 4; lastKnownFileType = sourcecode.swift; path = SettingsInteractor.swift; sourceTree = "<group>"; };
		9A9469AB1CAD9584001B6733 /* SettingsItem.swift */ = {isa = PBXFileReference; fileEncoding = 4; lastKnownFileType = sourcecode.swift; path = SettingsItem.swift; sourceTree = "<group>"; };
		9A9469AE1CAD958E001B6733 /* SettingsPresenter.swift */ = {isa = PBXFileReference; fileEncoding = 4; lastKnownFileType = sourcecode.swift; path = SettingsPresenter.swift; sourceTree = "<group>"; };
		9A9469B01CAD9596001B6733 /* SettingsProtocols.swift */ = {isa = PBXFileReference; fileEncoding = 4; lastKnownFileType = sourcecode.swift; path = SettingsProtocols.swift; sourceTree = "<group>"; };
		9A9469B21CAD95A0001B6733 /* SettingsView.swift */ = {isa = PBXFileReference; fileEncoding = 4; lastKnownFileType = sourcecode.swift; path = SettingsView.swift; sourceTree = "<group>"; };
		9A9469B41CAD95A8001B6733 /* SettingsWireFrame.swift */ = {isa = PBXFileReference; fileEncoding = 4; lastKnownFileType = sourcecode.swift; path = SettingsWireFrame.swift; sourceTree = "<group>"; };
		9A9469B71CAD96C0001B6733 /* Base */ = {isa = PBXFileReference; lastKnownFileType = file.xib; name = Base; path = aidify/Base.lproj/SettingsView.xib; sourceTree = SOURCE_ROOT; };
		9A9469B91CADC84D001B6733 /* Assets.xcassets */ = {isa = PBXFileReference; lastKnownFileType = folder.assetcatalog; path = Assets.xcassets; sourceTree = "<group>"; };
		9AC63E231CAC481B00AD6439 /* UserTests.swift */ = {isa = PBXFileReference; fileEncoding = 4; lastKnownFileType = sourcecode.swift; path = UserTests.swift; sourceTree = "<group>"; };
		9AC63E251CAC570A00AD6439 /* AIDNavigationController.swift */ = {isa = PBXFileReference; fileEncoding = 4; lastKnownFileType = sourcecode.swift; name = AIDNavigationController.swift; path = Classes/AIDNavigationController.swift; sourceTree = "<group>"; };
		9ADA5B121CA6BC2200C4B285 /* AIDProgressView.swift */ = {isa = PBXFileReference; fileEncoding = 4; lastKnownFileType = sourcecode.swift; name = AIDProgressView.swift; path = Classes/AIDProgressView.swift; sourceTree = "<group>"; };
		9ADA5B171CA6FB2D00C4B285 /* AIDViewController.swift */ = {isa = PBXFileReference; fileEncoding = 4; lastKnownFileType = sourcecode.swift; name = AIDViewController.swift; path = Classes/AIDViewController.swift; sourceTree = "<group>"; };
		9ADB63631CA53B4500BCC7FF /* Raleway-Bold.ttf */ = {isa = PBXFileReference; lastKnownFileType = file; path = "Raleway-Bold.ttf"; sourceTree = "<group>"; };
		9ADB63651CA5535400BCC7FF /* Raleway-Regular.ttf */ = {isa = PBXFileReference; lastKnownFileType = file; path = "Raleway-Regular.ttf"; sourceTree = "<group>"; };
		9AFD61021CA408F600E1CC32 /* APIClient.swift */ = {isa = PBXFileReference; fileEncoding = 4; lastKnownFileType = sourcecode.swift; name = APIClient.swift; path = Classes/APIClient.swift; sourceTree = "<group>"; };
		9AFD61031CA408F600E1CC32 /* JSONDecodable.swift */ = {isa = PBXFileReference; fileEncoding = 4; lastKnownFileType = sourcecode.swift; name = JSONDecodable.swift; path = Classes/JSONDecodable.swift; sourceTree = "<group>"; };
		9AFD61041CA408F600E1CC32 /* Resource.swift */ = {isa = PBXFileReference; fileEncoding = 4; lastKnownFileType = sourcecode.swift; name = Resource.swift; path = Classes/Resource.swift; sourceTree = "<group>"; };
		A2FF398ABA69F2FFF200CC22 /* Pods-aidify.debug.xcconfig */ = {isa = PBXFileReference; includeInIndex = 1; lastKnownFileType = text.xcconfig; name = "Pods-aidify.debug.xcconfig"; path = "Pods/Target Support Files/Pods-aidify/Pods-aidify.debug.xcconfig"; sourceTree = "<group>"; };
		A40B7447111A8A595FA2790E /* Pods_aidify.framework */ = {isa = PBXFileReference; explicitFileType = wrapper.framework; includeInIndex = 0; path = Pods_aidify.framework; sourceTree = BUILT_PRODUCTS_DIR; };
		EB04EBA21CB947A1006AF1EB /* NearableManager.swift */ = {isa = PBXFileReference; fileEncoding = 4; lastKnownFileType = sourcecode.swift; name = NearableManager.swift; path = Classes/NearableManager.swift; sourceTree = "<group>"; };
		EB16F8C61CB5A15B00694D04 /* ImageLoader.swift */ = {isa = PBXFileReference; fileEncoding = 4; lastKnownFileType = sourcecode.swift; name = ImageLoader.swift; path = Classes/ImageLoader.swift; sourceTree = "<group>"; };
		EB16F8C81CB5BD4400694D04 /* ProfileChart.swift */ = {isa = PBXFileReference; fileEncoding = 4; lastKnownFileType = sourcecode.swift; path = ProfileChart.swift; sourceTree = "<group>"; };
		EB274B001CB6E3BE00841EDA /* UserStats.swift */ = {isa = PBXFileReference; fileEncoding = 4; lastKnownFileType = sourcecode.swift; name = UserStats.swift; path = Classes/UserStats.swift; sourceTree = "<group>"; };
		EB292FCD1CADB21E00D39463 /* PairingWireFrame.swift */ = {isa = PBXFileReference; fileEncoding = 4; lastKnownFileType = sourcecode.swift; path = PairingWireFrame.swift; sourceTree = "<group>"; };
		EB292FCF1CADB22B00D39463 /* PairingProtocols.swift */ = {isa = PBXFileReference; fileEncoding = 4; lastKnownFileType = sourcecode.swift; path = PairingProtocols.swift; sourceTree = "<group>"; };
		EB292FD11CADB23700D39463 /* PairingPresenter.swift */ = {isa = PBXFileReference; fileEncoding = 4; lastKnownFileType = sourcecode.swift; path = PairingPresenter.swift; sourceTree = "<group>"; };
		EB292FD31CADB25200D39463 /* PairingInteractor.swift */ = {isa = PBXFileReference; fileEncoding = 4; lastKnownFileType = sourcecode.swift; path = PairingInteractor.swift; sourceTree = "<group>"; };
		EB292FD41CADB25200D39463 /* PairingItem.swift */ = {isa = PBXFileReference; fileEncoding = 4; lastKnownFileType = sourcecode.swift; path = PairingItem.swift; sourceTree = "<group>"; };
		EB292FD71CADB25C00D39463 /* PairingView.swift */ = {isa = PBXFileReference; fileEncoding = 4; lastKnownFileType = sourcecode.swift; path = PairingView.swift; sourceTree = "<group>"; };
		EB292FD91CADB26A00D39463 /* PairingAPIDataManager.swift */ = {isa = PBXFileReference; fileEncoding = 4; lastKnownFileType = sourcecode.swift; path = PairingAPIDataManager.swift; sourceTree = "<group>"; };
		EB292FDB1CADB27200D39463 /* PairingLocalDataManager.swift */ = {isa = PBXFileReference; fileEncoding = 4; lastKnownFileType = sourcecode.swift; path = PairingLocalDataManager.swift; sourceTree = "<group>"; };
		EB4468211CB2DDF4002BB61C /* UserData.swift */ = {isa = PBXFileReference; fileEncoding = 4; lastKnownFileType = sourcecode.swift; name = UserData.swift; path = Classes/UserData.swift; sourceTree = "<group>"; };
		EB6233D61CB6E52D00BFB567 /* UserProfileItem.swift */ = {isa = PBXFileReference; fileEncoding = 4; lastKnownFileType = sourcecode.swift; path = UserProfileItem.swift; sourceTree = "<group>"; };
		EB6233D81CB6E56100BFB567 /* UserStatItem.swift */ = {isa = PBXFileReference; fileEncoding = 4; lastKnownFileType = sourcecode.swift; path = UserStatItem.swift; sourceTree = "<group>"; };
		EB6233DA1CB6E61100BFB567 /* UserItemProtocol.swift */ = {isa = PBXFileReference; fileEncoding = 4; lastKnownFileType = sourcecode.swift; path = UserItemProtocol.swift; sourceTree = "<group>"; };
		EB6233DC1CB6EA1B00BFB567 /* ActivityDrawer.swift */ = {isa = PBXFileReference; fileEncoding = 4; lastKnownFileType = sourcecode.swift; path = ActivityDrawer.swift; sourceTree = "<group>"; };
		EB6233DE1CB6EA4E00BFB567 /* ActivityDrawerProtocol.swift */ = {isa = PBXFileReference; fileEncoding = 4; lastKnownFileType = sourcecode.swift; path = ActivityDrawerProtocol.swift; sourceTree = "<group>"; };
		EB6CC5441CB6E323002BEEB3 /* UserActivity.swift */ = {isa = PBXFileReference; fileEncoding = 4; lastKnownFileType = sourcecode.swift; name = UserActivity.swift; path = Classes/UserActivity.swift; sourceTree = "<group>"; };
		EB929F4A1CB853FE007D220D /* UIImage+Blur.swift */ = {isa = PBXFileReference; fileEncoding = 4; lastKnownFileType = sourcecode.swift; name = "UIImage+Blur.swift"; path = "Classes/UIImage+Blur.swift"; sourceTree = "<group>"; };
		EBBBC1A21CAFE4D200034456 /* ObjCBridge.h */ = {isa = PBXFileReference; lastKnownFileType = sourcecode.c.h; name = ObjCBridge.h; path = Classes/ObjCBridge.h; sourceTree = "<group>"; };
		EBBBC1A31CAFEFA100034456 /* NearableManager.swift */ = {isa = PBXFileReference; fileEncoding = 4; lastKnownFileType = sourcecode.swift; name = NearableManager.swift; path = Classes/NearableManager.swift; sourceTree = "<group>"; };
		EBBBC1A61CB01F8A00034456 /* Base */ = {isa = PBXFileReference; lastKnownFileType = file.xib; name = Base; path = aidify/Base.lproj/PairingView.xib; sourceTree = SOURCE_ROOT; };
		EBBBC1A81CB0622300034456 /* ProfileUserCell.swift */ = {isa = PBXFileReference; fileEncoding = 4; lastKnownFileType = sourcecode.swift; path = ProfileUserCell.swift; sourceTree = "<group>"; };
		EBBBC1A91CB0622300034456 /* ProfileUserCell.xib */ = {isa = PBXFileReference; fileEncoding = 4; lastKnownFileType = file.xib; path = ProfileUserCell.xib; sourceTree = "<group>"; };
		EBBBC1AC1CB0628400034456 /* ProfilePunctuationCell.swift */ = {isa = PBXFileReference; fileEncoding = 4; lastKnownFileType = sourcecode.swift; path = ProfilePunctuationCell.swift; sourceTree = "<group>"; };
		EBBBC1AD1CB0628400034456 /* ProfilePunctuationCell.xib */ = {isa = PBXFileReference; fileEncoding = 4; lastKnownFileType = file.xib; path = ProfilePunctuationCell.xib; sourceTree = "<group>"; };
		EBBBC1B61CB06D1700034456 /* ViewInitializers.swift */ = {isa = PBXFileReference; fileEncoding = 4; lastKnownFileType = sourcecode.swift; name = ViewInitializers.swift; path = Classes/ViewInitializers.swift; sourceTree = "<group>"; };
		EBBBC1B91CB085F200034456 /* ActivityWireFrame.swift */ = {isa = PBXFileReference; fileEncoding = 4; lastKnownFileType = sourcecode.swift; path = ActivityWireFrame.swift; sourceTree = "<group>"; };
		EBBBC1BB1CB0860500034456 /* ActivityView.swift */ = {isa = PBXFileReference; fileEncoding = 4; lastKnownFileType = sourcecode.swift; path = ActivityView.swift; sourceTree = "<group>"; };
		EBBBC1BD1CB0860D00034456 /* ActivityProtocols.swift */ = {isa = PBXFileReference; fileEncoding = 4; lastKnownFileType = sourcecode.swift; path = ActivityProtocols.swift; sourceTree = "<group>"; };
		EBBBC1BF1CB0861600034456 /* ActivityPresenter.swift */ = {isa = PBXFileReference; fileEncoding = 4; lastKnownFileType = sourcecode.swift; path = ActivityPresenter.swift; sourceTree = "<group>"; };
		EBBBC1C11CB0861E00034456 /* ActivityInteractor.swift */ = {isa = PBXFileReference; fileEncoding = 4; lastKnownFileType = sourcecode.swift; path = ActivityInteractor.swift; sourceTree = "<group>"; };
		EBBBC1C21CB0861E00034456 /* ActivityItem.swift */ = {isa = PBXFileReference; fileEncoding = 4; lastKnownFileType = sourcecode.swift; path = ActivityItem.swift; sourceTree = "<group>"; };
		EBBBC1C51CB0862C00034456 /* ActivityAPIDataManager.swift */ = {isa = PBXFileReference; fileEncoding = 4; lastKnownFileType = sourcecode.swift; path = ActivityAPIDataManager.swift; sourceTree = "<group>"; };
		EBBBC1C71CB0863400034456 /* ActivityLocalDataManager.swift */ = {isa = PBXFileReference; fileEncoding = 4; lastKnownFileType = sourcecode.swift; path = ActivityLocalDataManager.swift; sourceTree = "<group>"; };
		EBBBC1CF1CB086A000034456 /* ActivityView.xib */ = {isa = PBXFileReference; fileEncoding = 4; lastKnownFileType = file.xib; path = ActivityView.xib; sourceTree = "<group>"; };
		EBBBC1D11CB0882600034456 /* ActivityCell.swift */ = {isa = PBXFileReference; fileEncoding = 4; lastKnownFileType = sourcecode.swift; path = ActivityCell.swift; sourceTree = "<group>"; };
		EBBBC1D21CB0882600034456 /* ActivityCell.xib */ = {isa = PBXFileReference; fileEncoding = 4; lastKnownFileType = file.xib; path = ActivityCell.xib; sourceTree = "<group>"; };
		EBBBC1D51CB1BAD700034456 /* UserAPI.swift */ = {isa = PBXFileReference; fileEncoding = 4; lastKnownFileType = sourcecode.swift; name = UserAPI.swift; path = Classes/UserAPI.swift; sourceTree = "<group>"; };
/* End PBXFileReference section */

/* Begin PBXFrameworksBuildPhase section */
		9A6B1AD81C9DC36A006D7A7C /* Frameworks */ = {
			isa = PBXFrameworksBuildPhase;
			buildActionMask = 2147483647;
			files = (
				3F573C739D84EF9D9EA4E332 /* Pods_aidify.framework in Frameworks */,
			);
			runOnlyForDeploymentPostprocessing = 0;
		};
		9A6B1AEC1C9DC36A006D7A7C /* Frameworks */ = {
			isa = PBXFrameworksBuildPhase;
			buildActionMask = 2147483647;
			files = (
			);
			runOnlyForDeploymentPostprocessing = 0;
		};
/* End PBXFrameworksBuildPhase section */

/* Begin PBXGroup section */
		74DAF683BB72AC3A1F20449F /* Frameworks */ = {
			isa = PBXGroup;
			children = (
				A40B7447111A8A595FA2790E /* Pods_aidify.framework */,
			);
			name = Frameworks;
			sourceTree = "<group>";
		};
		9A3CEDFE1CAB083500EFC8A7 /* Profile */ = {
			isa = PBXGroup;
			children = (
				9A3CEDFF1CAB084200EFC8A7 /* DataManager */,
				9A3CEE021CAB085700EFC8A7 /* Interactor */,
				9A3CEE031CAB085E00EFC8A7 /* Presenter */,
				9A3CEE041CAB086700EFC8A7 /* Protocols */,
				9A3CEE051CAB087200EFC8A7 /* View */,
				9A3CEE061CAB087900EFC8A7 /* WireFrame */,
			);
			name = Profile;
			sourceTree = "<group>";
		};
		9A3CEDFF1CAB084200EFC8A7 /* DataManager */ = {
			isa = PBXGroup;
			children = (
				9A3CEE001CAB084B00EFC8A7 /* API */,
				9A3CEE011CAB085100EFC8A7 /* Local */,
			);
			name = DataManager;
			sourceTree = "<group>";
		};
		9A3CEE001CAB084B00EFC8A7 /* API */ = {
			isa = PBXGroup;
			children = (
				9A3CEE071CAB089F00EFC8A7 /* ProfileAPIDataManager.swift */,
			);
			name = API;
			sourceTree = "<group>";
		};
		9A3CEE011CAB085100EFC8A7 /* Local */ = {
			isa = PBXGroup;
			children = (
				9A3CEE091CAB08AA00EFC8A7 /* ProfileLocalDataManager.swift */,
			);
			name = Local;
			sourceTree = "<group>";
		};
		9A3CEE021CAB085700EFC8A7 /* Interactor */ = {
			isa = PBXGroup;
			children = (
				9A3CEE0B1CAB08B400EFC8A7 /* ProfileInteractor.swift */,
				9A3CEE0C1CAB08B400EFC8A7 /* ProfileItem.swift */,
			);
			name = Interactor;
			sourceTree = "<group>";
		};
		9A3CEE031CAB085E00EFC8A7 /* Presenter */ = {
			isa = PBXGroup;
			children = (
				9A3CEE0F1CAB08BC00EFC8A7 /* ProfilePresenter.swift */,
			);
			name = Presenter;
			sourceTree = "<group>";
		};
		9A3CEE041CAB086700EFC8A7 /* Protocols */ = {
			isa = PBXGroup;
			children = (
				9A3CEE111CAB08C200EFC8A7 /* ProfileProtocols.swift */,
			);
			name = Protocols;
			sourceTree = "<group>";
		};
		9A3CEE051CAB087200EFC8A7 /* View */ = {
			isa = PBXGroup;
			children = (
				9A3CEE131CAB08CA00EFC8A7 /* ProfileView.swift */,
				9A3CEE191CAB235B00EFC8A7 /* ProfileView.xib */,
				EBBBC1A81CB0622300034456 /* ProfileUserCell.swift */,
				EBBBC1A91CB0622300034456 /* ProfileUserCell.xib */,
				EBBBC1AC1CB0628400034456 /* ProfilePunctuationCell.swift */,
				EBBBC1AD1CB0628400034456 /* ProfilePunctuationCell.xib */,
				EB16F8C81CB5BD4400694D04 /* ProfileChart.swift */,
				EB6233D61CB6E52D00BFB567 /* UserProfileItem.swift */,
				EB6233D81CB6E56100BFB567 /* UserStatItem.swift */,
				EB6233DA1CB6E61100BFB567 /* UserItemProtocol.swift */,
			);
			name = View;
			sourceTree = "<group>";
		};
		9A3CEE061CAB087900EFC8A7 /* WireFrame */ = {
			isa = PBXGroup;
			children = (
				9A3CEE151CAB08D100EFC8A7 /* ProfileWireFrame.swift */,
			);
			name = WireFrame;
			sourceTree = "<group>";
		};
		9A4011521C9EFD720038BC2D /* Brand */ = {
			isa = PBXGroup;
			children = (
				9A4011531C9EFD880038BC2D /* AIDColor.swift */,
				9A4011551C9F00F80038BC2D /* AIDFont.swift */,
			);
			name = Brand;
			path = Classes;
			sourceTree = "<group>";
		};
		9A4011571C9F0A7C0038BC2D /* Resources */ = {
			isa = PBXGroup;
			children = (
				9A4011581C9F0C0D0038BC2D /* AllerDisplay.ttf */,
				9ADB63651CA5535400BCC7FF /* Raleway-Regular.ttf */,
				9A4011591C9F0C0D0038BC2D /* Raleway-Light.ttf */,
				9A40115A1C9F0C0D0038BC2D /* Raleway-Medium.ttf */,
				9ADB63631CA53B4500BCC7FF /* Raleway-Bold.ttf */,
			);
			path = Resources;
			sourceTree = "<group>";
		};
		9A6141971CA9CBAE009ACE34 /* User */ = {
			isa = PBXGroup;
			children = (
				9A61419A1CA9CC62009ACE34 /* User.swift */,
				9A6141981CA9CC38009ACE34 /* UserManager.swift */,
			);
			name = User;
			sourceTree = "<group>";
		};
		9A6B1AD21C9DC36A006D7A7C = {
			isa = PBXGroup;
			children = (
				9A6B1ADD1C9DC36A006D7A7C /* aidify */,
				9A6B1AF21C9DC36A006D7A7C /* aidifyTests */,
				9A6B1ADC1C9DC36A006D7A7C /* Products */,
				EB711D7313D0DE85F8078F49 /* Pods */,
				74DAF683BB72AC3A1F20449F /* Frameworks */,
			);
			sourceTree = "<group>";
		};
		9A6B1ADC1C9DC36A006D7A7C /* Products */ = {
			isa = PBXGroup;
			children = (
				9A6B1ADB1C9DC36A006D7A7C /* aidify.app */,
				9A6B1AEF1C9DC36A006D7A7C /* aidifyTests.xctest */,
			);
			name = Products;
			sourceTree = "<group>";
		};
		9A6B1ADD1C9DC36A006D7A7C /* aidify */ = {
			isa = PBXGroup;
			children = (
				9AFD60FF1CA408D800E1CC32 /* API */,
				9A4011521C9EFD720038BC2D /* Brand */,
				9A92D4F71CA4682300AEB182 /* Components */,
				9A92D4DA1CA448B100AEB182 /* Modules */,
				9A4011571C9F0A7C0038BC2D /* Resources */,
				9A6141971CA9CBAE009ACE34 /* User */,
				9A6B1ADE1C9DC36A006D7A7C /* AppDelegate.swift */,
				9A40115E1C9F11BC0038BC2D /* AppDependencies.swift */,
				9A3CEE171CAB1D1D00EFC8A7 /* RootWireFrame.swift */,
				EBBBC1B61CB06D1700034456 /* ViewInitializers.swift */,
				9A9469B91CADC84D001B6733 /* Assets.xcassets */,
				9A6B1AEA1C9DC36A006D7A7C /* Info.plist */,
				9A6B1AE71C9DC36A006D7A7C /* LaunchScreen.storyboard */,
				EBBBC1A21CAFE4D200034456 /* ObjCBridge.h */,
				EBBBC1A31CAFEFA100034456 /* NearableManager.swift */,
			);
			path = aidify;
			sourceTree = "<group>";
		};
		9A6B1AF21C9DC36A006D7A7C /* aidifyTests */ = {
			isa = PBXGroup;
			children = (
				9A6B1AF31C9DC36A006D7A7C /* UserManagerTests.swift */,
				9AC63E231CAC481B00AD6439 /* UserTests.swift */,
				9A6B1AF51C9DC36A006D7A7C /* Info.plist */,
			);
			path = aidifyTests;
			sourceTree = "<group>";
		};
		9A92D4DA1CA448B100AEB182 /* Modules */ = {
			isa = PBXGroup;
			children = (
				EBBBC1B81CB0859600034456 /* Activity */,
				9A94699D1CAD947B001B6733 /* Settings */,
				EB292FC61CADB16D00D39463 /* Pairing */,
				9A3CEDFE1CAB083500EFC8A7 /* Profile */,
				9A92D4DB1CA448C400AEB182 /* Login */,
			);
			name = Modules;
			path = Classes;
			sourceTree = "<group>";
		};
		9A92D4DB1CA448C400AEB182 /* Login */ = {
			isa = PBXGroup;
			children = (
				9A92D4DE1CA4490400AEB182 /* DataManager */,
				9A92D4E31CA4493700AEB182 /* Interactor */,
				9A92D4E81CA4495300AEB182 /* Presenter */,
				9A92D4EB1CA4496D00AEB182 /* Protocols */,
				9A92D4EE1CA4498600AEB182 /* View */,
				9A92D4F11CA449B400AEB182 /* WireFrame */,
			);
			name = Login;
			sourceTree = "<group>";
		};
		9A92D4DE1CA4490400AEB182 /* DataManager */ = {
			isa = PBXGroup;
			children = (
				9A92D4DF1CA4490D00AEB182 /* API */,
				9A92D4E01CA4491800AEB182 /* Local */,
			);
			name = DataManager;
			sourceTree = "<group>";
		};
		9A92D4DF1CA4490D00AEB182 /* API */ = {
			isa = PBXGroup;
			children = (
				9A92D4DC1CA448F100AEB182 /* LoginAPIDataManager.swift */,
			);
			name = API;
			sourceTree = "<group>";
		};
		9A92D4E01CA4491800AEB182 /* Local */ = {
			isa = PBXGroup;
			children = (
				9A92D4E11CA4492500AEB182 /* LoginLocalDataManager.swift */,
			);
			name = Local;
			sourceTree = "<group>";
		};
		9A92D4E31CA4493700AEB182 /* Interactor */ = {
			isa = PBXGroup;
			children = (
				9A92D4E41CA4494600AEB182 /* LoginInteractor.swift */,
				9A92D4E51CA4494600AEB182 /* LoginItem.swift */,
			);
			name = Interactor;
			sourceTree = "<group>";
		};
		9A92D4E81CA4495300AEB182 /* Presenter */ = {
			isa = PBXGroup;
			children = (
				9A92D4E91CA4495D00AEB182 /* LoginPresenter.swift */,
			);
			name = Presenter;
			sourceTree = "<group>";
		};
		9A92D4EB1CA4496D00AEB182 /* Protocols */ = {
			isa = PBXGroup;
			children = (
				9A92D4EC1CA4497800AEB182 /* LoginProtocols.swift */,
			);
			name = Protocols;
			sourceTree = "<group>";
		};
		9A92D4EE1CA4498600AEB182 /* View */ = {
			isa = PBXGroup;
			children = (
				9A92D4EF1CA4499100AEB182 /* LoginView.swift */,
				9A92D4F41CA44CB900AEB182 /* LoginView.xib */,
			);
			name = View;
			sourceTree = "<group>";
		};
		9A92D4F11CA449B400AEB182 /* WireFrame */ = {
			isa = PBXGroup;
			children = (
				9A92D4F21CA449C100AEB182 /* LoginWireFrame.swift */,
			);
			name = WireFrame;
			sourceTree = "<group>";
		};
		9A92D4F71CA4682300AEB182 /* Components */ = {
			isa = PBXGroup;
			children = (
				9A92D4F81CA4689C00AEB182 /* AIDTextField.swift */,
				9ADA5B121CA6BC2200C4B285 /* AIDProgressView.swift */,
				9ADA5B171CA6FB2D00C4B285 /* AIDViewController.swift */,
				9A3CEDFC1CAAF49B00EFC8A7 /* AIDConstants.swift */,
				9AC63E251CAC570A00AD6439 /* AIDNavigationController.swift */,
				9A4A0B431CAEFCA4006DA919 /* AIDButton.swift */,
			);
			name = Components;
			sourceTree = "<group>";
		};
		9A94699D1CAD947B001B6733 /* Settings */ = {
			isa = PBXGroup;
			children = (
				9A94699E1CAD9516001B6733 /* DataManager */,
				9A9469A51CAD954C001B6733 /* Interactor */,
				9A9469A61CAD9557001B6733 /* Presenter */,
				9A9469A71CAD955F001B6733 /* Protocols */,
				9A9469A81CAD9567001B6733 /* View */,
				9A9469A91CAD956D001B6733 /* WireFrame */,
			);
			name = Settings;
			sourceTree = "<group>";
		};
		9A94699E1CAD9516001B6733 /* DataManager */ = {
			isa = PBXGroup;
			children = (
				9A94699F1CAD951D001B6733 /* API */,
				9A9469A01CAD9521001B6733 /* Local */,
			);
			name = DataManager;
			sourceTree = "<group>";
		};
		9A94699F1CAD951D001B6733 /* API */ = {
			isa = PBXGroup;
			children = (
				9A9469A11CAD952D001B6733 /* SettingsAPIDataManager.swift */,
			);
			name = API;
			sourceTree = "<group>";
		};
		9A9469A01CAD9521001B6733 /* Local */ = {
			isa = PBXGroup;
			children = (
				9A9469A31CAD953C001B6733 /* SettingsLocalDataManager.swift */,
			);
			name = Local;
			sourceTree = "<group>";
		};
		9A9469A51CAD954C001B6733 /* Interactor */ = {
			isa = PBXGroup;
			children = (
				9A9469AA1CAD9584001B6733 /* SettingsInteractor.swift */,
				9A9469AB1CAD9584001B6733 /* SettingsItem.swift */,
			);
			name = Interactor;
			sourceTree = "<group>";
		};
		9A9469A61CAD9557001B6733 /* Presenter */ = {
			isa = PBXGroup;
			children = (
				9A9469AE1CAD958E001B6733 /* SettingsPresenter.swift */,
			);
			name = Presenter;
			sourceTree = "<group>";
		};
		9A9469A71CAD955F001B6733 /* Protocols */ = {
			isa = PBXGroup;
			children = (
				9A9469B01CAD9596001B6733 /* SettingsProtocols.swift */,
			);
			name = Protocols;
			sourceTree = "<group>";
		};
		9A9469A81CAD9567001B6733 /* View */ = {
			isa = PBXGroup;
			children = (
				9A9469B21CAD95A0001B6733 /* SettingsView.swift */,
				9A9469B61CAD96C0001B6733 /* SettingsView.xib */,
			);
			name = View;
			sourceTree = "<group>";
		};
		9A9469A91CAD956D001B6733 /* WireFrame */ = {
			isa = PBXGroup;
			children = (
				9A9469B41CAD95A8001B6733 /* SettingsWireFrame.swift */,
			);
			name = WireFrame;
			sourceTree = "<group>";
		};
		9AFD60FF1CA408D800E1CC32 /* API */ = {
			isa = PBXGroup;
			children = (
				9AFD61011CA408EA00E1CC32 /* Core */,
				EBBBC1D51CB1BAD700034456 /* UserAPI.swift */,
				EB4468211CB2DDF4002BB61C /* UserData.swift */,
				EB6CC5441CB6E323002BEEB3 /* UserActivity.swift */,
				EB274B001CB6E3BE00841EDA /* UserStats.swift */,
				EB16F8C61CB5A15B00694D04 /* ImageLoader.swift */,
				EB929F4A1CB853FE007D220D /* UIImage+Blur.swift */,
				EB04EBA21CB947A1006AF1EB /* NearableManager.swift */,
			);
			name = API;
			sourceTree = "<group>";
		};
		9AFD61011CA408EA00E1CC32 /* Core */ = {
			isa = PBXGroup;
			children = (
				9AFD61021CA408F600E1CC32 /* APIClient.swift */,
				9AFD61031CA408F600E1CC32 /* JSONDecodable.swift */,
				9AFD61041CA408F600E1CC32 /* Resource.swift */,
			);
			name = Core;
			sourceTree = "<group>";
		};
		EB292FC61CADB16D00D39463 /* Pairing */ = {
			isa = PBXGroup;
			children = (
				EB292FC71CADB19800D39463 /* DataManager */,
				EB292FCB1CADB1C900D39463 /* View */,
				EB292FC81CADB1A300D39463 /* Interactor */,
				EB292FC91CADB1AB00D39463 /* Presenter */,
				EB292FCA1CADB1B500D39463 /* Protocols */,
				EB292FCC1CADB1CF00D39463 /* Wireframe */,
			);
			name = Pairing;
			sourceTree = "<group>";
		};
		EB292FC71CADB19800D39463 /* DataManager */ = {
			isa = PBXGroup;
			children = (
				EB292FDB1CADB27200D39463 /* PairingLocalDataManager.swift */,
				EB292FD91CADB26A00D39463 /* PairingAPIDataManager.swift */,
			);
			name = DataManager;
			sourceTree = "<group>";
		};
		EB292FC81CADB1A300D39463 /* Interactor */ = {
			isa = PBXGroup;
			children = (
				EB292FD31CADB25200D39463 /* PairingInteractor.swift */,
				EB292FD41CADB25200D39463 /* PairingItem.swift */,
			);
			name = Interactor;
			sourceTree = "<group>";
		};
		EB292FC91CADB1AB00D39463 /* Presenter */ = {
			isa = PBXGroup;
			children = (
				EB292FD11CADB23700D39463 /* PairingPresenter.swift */,
			);
			name = Presenter;
			sourceTree = "<group>";
		};
		EB292FCA1CADB1B500D39463 /* Protocols */ = {
			isa = PBXGroup;
			children = (
				EB292FCF1CADB22B00D39463 /* PairingProtocols.swift */,
			);
			name = Protocols;
			sourceTree = "<group>";
		};
		EB292FCB1CADB1C900D39463 /* View */ = {
			isa = PBXGroup;
			children = (
				EB292FD71CADB25C00D39463 /* PairingView.swift */,
				EBBBC1A51CB01F8A00034456 /* PairingView.xib */,
			);
			name = View;
			sourceTree = "<group>";
		};
		EB292FCC1CADB1CF00D39463 /* Wireframe */ = {
			isa = PBXGroup;
			children = (
				EB292FCD1CADB21E00D39463 /* PairingWireFrame.swift */,
			);
			name = Wireframe;
			sourceTree = "<group>";
		};
		EB711D7313D0DE85F8078F49 /* Pods */ = {
			isa = PBXGroup;
			children = (
				A2FF398ABA69F2FFF200CC22 /* Pods-aidify.debug.xcconfig */,
				53ECC2D926BDF483868E43B1 /* Pods-aidify.release.xcconfig */,
			);
			name = Pods;
			sourceTree = "<group>";
		};
		EBBBC1B81CB0859600034456 /* Activity */ = {
			isa = PBXGroup;
			children = (
				EBBBC1CE1CB0868000034456 /* DataManager */,
				EBBBC1CD1CB0867700034456 /* Interactor */,
				EBBBC1CC1CB0866F00034456 /* Presenter */,
				EBBBC1CB1CB0866700034456 /* Protocols */,
				EBBBC1C91CB0865800034456 /* View */,
				EBBBC1CA1CB0866000034456 /* Wireframe */,
			);
			name = Activity;
			sourceTree = "<group>";
		};
		EBBBC1C91CB0865800034456 /* View */ = {
			isa = PBXGroup;
			children = (
				EBBBC1BB1CB0860500034456 /* ActivityView.swift */,
				EBBBC1CF1CB086A000034456 /* ActivityView.xib */,
				EBBBC1D11CB0882600034456 /* ActivityCell.swift */,
				EBBBC1D21CB0882600034456 /* ActivityCell.xib */,
				EB6233DC1CB6EA1B00BFB567 /* ActivityDrawer.swift */,
				EB6233DE1CB6EA4E00BFB567 /* ActivityDrawerProtocol.swift */,
			);
			name = View;
			sourceTree = "<group>";
		};
		EBBBC1CA1CB0866000034456 /* Wireframe */ = {
			isa = PBXGroup;
			children = (
				EBBBC1B91CB085F200034456 /* ActivityWireFrame.swift */,
			);
			name = Wireframe;
			sourceTree = "<group>";
		};
		EBBBC1CB1CB0866700034456 /* Protocols */ = {
			isa = PBXGroup;
			children = (
				EBBBC1BD1CB0860D00034456 /* ActivityProtocols.swift */,
			);
			name = Protocols;
			sourceTree = "<group>";
		};
		EBBBC1CC1CB0866F00034456 /* Presenter */ = {
			isa = PBXGroup;
			children = (
				EBBBC1BF1CB0861600034456 /* ActivityPresenter.swift */,
			);
			name = Presenter;
			sourceTree = "<group>";
		};
		EBBBC1CD1CB0867700034456 /* Interactor */ = {
			isa = PBXGroup;
			children = (
				EBBBC1C11CB0861E00034456 /* ActivityInteractor.swift */,
				EBBBC1C21CB0861E00034456 /* ActivityItem.swift */,
			);
			name = Interactor;
			sourceTree = "<group>";
		};
		EBBBC1CE1CB0868000034456 /* DataManager */ = {
			isa = PBXGroup;
			children = (
				EBBBC1C71CB0863400034456 /* ActivityLocalDataManager.swift */,
				EBBBC1C51CB0862C00034456 /* ActivityAPIDataManager.swift */,
			);
			name = DataManager;
			sourceTree = "<group>";
		};
/* End PBXGroup section */

/* Begin PBXNativeTarget section */
		9A6B1ADA1C9DC36A006D7A7C /* aidify */ = {
			isa = PBXNativeTarget;
			buildConfigurationList = 9A6B1AF81C9DC36A006D7A7C /* Build configuration list for PBXNativeTarget "aidify" */;
			buildPhases = (
				56C8CE37FC9992F56EF97512 /* Check Pods Manifest.lock */,
				9A6B1AD71C9DC36A006D7A7C /* Sources */,
				9A6B1AD81C9DC36A006D7A7C /* Frameworks */,
				9A6B1AD91C9DC36A006D7A7C /* Resources */,
				1B31CE29A16A52A303CAE109 /* Embed Pods Frameworks */,
				505AC45291A7163871334A66 /* Copy Pods Resources */,
			);
			buildRules = (
			);
			dependencies = (
			);
			name = aidify;
			productName = aidify;
			productReference = 9A6B1ADB1C9DC36A006D7A7C /* aidify.app */;
			productType = "com.apple.product-type.application";
		};
		9A6B1AEE1C9DC36A006D7A7C /* aidifyTests */ = {
			isa = PBXNativeTarget;
			buildConfigurationList = 9A6B1AFB1C9DC36A006D7A7C /* Build configuration list for PBXNativeTarget "aidifyTests" */;
			buildPhases = (
				9A6B1AEB1C9DC36A006D7A7C /* Sources */,
				9A6B1AEC1C9DC36A006D7A7C /* Frameworks */,
				9A6B1AED1C9DC36A006D7A7C /* Resources */,
			);
			buildRules = (
			);
			dependencies = (
				9A6B1AF11C9DC36A006D7A7C /* PBXTargetDependency */,
			);
			name = aidifyTests;
			productName = aidifyTests;
			productReference = 9A6B1AEF1C9DC36A006D7A7C /* aidifyTests.xctest */;
			productType = "com.apple.product-type.bundle.unit-test";
		};
/* End PBXNativeTarget section */

/* Begin PBXProject section */
		9A6B1AD31C9DC36A006D7A7C /* Project object */ = {
			isa = PBXProject;
			attributes = {
				LastSwiftUpdateCheck = 0720;
				LastUpgradeCheck = 0720;
				ORGANIZATIONNAME = aidify;
				TargetAttributes = {
					9A6B1ADA1C9DC36A006D7A7C = {
						CreatedOnToolsVersion = 7.2.1;
						SystemCapabilities = {
							com.apple.BackgroundModes = {
								enabled = 1;
							};
						};
					};
					9A6B1AEE1C9DC36A006D7A7C = {
						CreatedOnToolsVersion = 7.2.1;
						TestTargetID = 9A6B1ADA1C9DC36A006D7A7C;
					};
				};
			};
			buildConfigurationList = 9A6B1AD61C9DC36A006D7A7C /* Build configuration list for PBXProject "aidify" */;
			compatibilityVersion = "Xcode 3.2";
			developmentRegion = English;
			hasScannedForEncodings = 0;
			knownRegions = (
				en,
				Base,
			);
			mainGroup = 9A6B1AD21C9DC36A006D7A7C;
			productRefGroup = 9A6B1ADC1C9DC36A006D7A7C /* Products */;
			projectDirPath = "";
			projectRoot = "";
			targets = (
				9A6B1ADA1C9DC36A006D7A7C /* aidify */,
				9A6B1AEE1C9DC36A006D7A7C /* aidifyTests */,
			);
		};
/* End PBXProject section */

/* Begin PBXResourcesBuildPhase section */
		9A6B1AD91C9DC36A006D7A7C /* Resources */ = {
			isa = PBXResourcesBuildPhase;
			buildActionMask = 2147483647;
			files = (
				EBBBC1AF1CB0628400034456 /* ProfilePunctuationCell.xib in Resources */,
				9ADB63641CA54DE100BCC7FF /* Raleway-Bold.ttf in Resources */,
				9A9469B81CAD96C0001B6733 /* SettingsView.xib in Resources */,
				9A6B1AE91C9DC36A006D7A7C /* LaunchScreen.storyboard in Resources */,
				EBBBC1A71CB01F8A00034456 /* PairingView.xib in Resources */,
				9A40115D1C9F0C0D0038BC2D /* Raleway-Medium.ttf in Resources */,
				9A9469BA1CADC84D001B6733 /* Assets.xcassets in Resources */,
				9ADB63661CA5535C00BCC7FF /* Raleway-Regular.ttf in Resources */,
				9A40115C1C9F0C0D0038BC2D /* Raleway-Light.ttf in Resources */,
				EBBBC1AB1CB0622300034456 /* ProfileUserCell.xib in Resources */,
				9A3CEE1B1CAB235B00EFC8A7 /* ProfileView.xib in Resources */,
				9A92D4F61CA44CB900AEB182 /* LoginView.xib in Resources */,
				EBBBC1D01CB086A000034456 /* ActivityView.xib in Resources */,
				EBBBC1D41CB0882600034456 /* ActivityCell.xib in Resources */,
				9A40115B1C9F0C0D0038BC2D /* AllerDisplay.ttf in Resources */,
			);
			runOnlyForDeploymentPostprocessing = 0;
		};
		9A6B1AED1C9DC36A006D7A7C /* Resources */ = {
			isa = PBXResourcesBuildPhase;
			buildActionMask = 2147483647;
			files = (
			);
			runOnlyForDeploymentPostprocessing = 0;
		};
/* End PBXResourcesBuildPhase section */

/* Begin PBXShellScriptBuildPhase section */
		1B31CE29A16A52A303CAE109 /* Embed Pods Frameworks */ = {
			isa = PBXShellScriptBuildPhase;
			buildActionMask = 2147483647;
			files = (
			);
			inputPaths = (
			);
			name = "Embed Pods Frameworks";
			outputPaths = (
			);
			runOnlyForDeploymentPostprocessing = 0;
			shellPath = /bin/sh;
			shellScript = "\"${SRCROOT}/Pods/Target Support Files/Pods-aidify/Pods-aidify-frameworks.sh\"\n";
			showEnvVarsInLog = 0;
		};
		505AC45291A7163871334A66 /* Copy Pods Resources */ = {
			isa = PBXShellScriptBuildPhase;
			buildActionMask = 2147483647;
			files = (
			);
			inputPaths = (
			);
			name = "Copy Pods Resources";
			outputPaths = (
			);
			runOnlyForDeploymentPostprocessing = 0;
			shellPath = /bin/sh;
			shellScript = "\"${SRCROOT}/Pods/Target Support Files/Pods-aidify/Pods-aidify-resources.sh\"\n";
			showEnvVarsInLog = 0;
		};
		56C8CE37FC9992F56EF97512 /* Check Pods Manifest.lock */ = {
			isa = PBXShellScriptBuildPhase;
			buildActionMask = 2147483647;
			files = (
			);
			inputPaths = (
			);
			name = "Check Pods Manifest.lock";
			outputPaths = (
			);
			runOnlyForDeploymentPostprocessing = 0;
			shellPath = /bin/sh;
			shellScript = "diff \"${PODS_ROOT}/../Podfile.lock\" \"${PODS_ROOT}/Manifest.lock\" > /dev/null\nif [[ $? != 0 ]] ; then\n    cat << EOM\nerror: The sandbox is not in sync with the Podfile.lock. Run 'pod install' or update your CocoaPods installation.\nEOM\n    exit 1\nfi\n";
			showEnvVarsInLog = 0;
		};
/* End PBXShellScriptBuildPhase section */

/* Begin PBXSourcesBuildPhase section */
		9A6B1AD71C9DC36A006D7A7C /* Sources */ = {
			isa = PBXSourcesBuildPhase;
			buildActionMask = 2147483647;
			files = (
				9A92D4DD1CA448F100AEB182 /* LoginAPIDataManager.swift in Sources */,
				EB6233DF1CB6EA4E00BFB567 /* ActivityDrawerProtocol.swift in Sources */,
				9A92D4ED1CA4497800AEB182 /* LoginProtocols.swift in Sources */,
				EB4468221CB2DDF4002BB61C /* UserData.swift in Sources */,
				9A6141991CA9CC38009ACE34 /* UserManager.swift in Sources */,
				EB6233DB1CB6E61100BFB567 /* UserItemProtocol.swift in Sources */,
				9A9469A41CAD953C001B6733 /* SettingsLocalDataManager.swift in Sources */,
				EBBBC1C41CB0861E00034456 /* ActivityItem.swift in Sources */,
				9A4A0B441CAEFCA4006DA919 /* AIDButton.swift in Sources */,
				EBBBC1C81CB0863400034456 /* ActivityLocalDataManager.swift in Sources */,
				EB6233D71CB6E52D00BFB567 /* UserProfileItem.swift in Sources */,
				9A92D4E61CA4494600AEB182 /* LoginInteractor.swift in Sources */,
				EB04EBA31CB947A1006AF1EB /* NearableManager.swift in Sources */,
				9A3CEDFD1CAAF49B00EFC8A7 /* AIDConstants.swift in Sources */,
				EB6233D91CB6E56100BFB567 /* UserStatItem.swift in Sources */,
				9A92D4F01CA4499100AEB182 /* LoginView.swift in Sources */,
				EB274B011CB6E3BE00841EDA /* UserStats.swift in Sources */,
				EB16F8C71CB5A15B00694D04 /* ImageLoader.swift in Sources */,
				EB6233DD1CB6EA1B00BFB567 /* ActivityDrawer.swift in Sources */,
				9A92D4F91CA4689C00AEB182 /* AIDTextField.swift in Sources */,
				EBBBC1C61CB0862C00034456 /* ActivityAPIDataManager.swift in Sources */,
				9A92D4E71CA4494600AEB182 /* LoginItem.swift in Sources */,
				EB6CC5451CB6E323002BEEB3 /* UserActivity.swift in Sources */,
				9A9469AD1CAD9584001B6733 /* SettingsItem.swift in Sources */,
				9A4011561C9F00F80038BC2D /* AIDFont.swift in Sources */,
				EB292FD51CADB25200D39463 /* PairingInteractor.swift in Sources */,
				9A3CEE0E1CAB08B400EFC8A7 /* ProfileItem.swift in Sources */,
				EBBBC1C31CB0861E00034456 /* ActivityInteractor.swift in Sources */,
				9A3CEE0A1CAB08AA00EFC8A7 /* ProfileLocalDataManager.swift in Sources */,
				EBBBC1AE1CB0628400034456 /* ProfilePunctuationCell.swift in Sources */,
				9A61419B1CA9CC62009ACE34 /* User.swift in Sources */,
				9A9469B51CAD95A8001B6733 /* SettingsWireFrame.swift in Sources */,
				EBBBC1B71CB06D1700034456 /* ViewInitializers.swift in Sources */,
				9A9469AC1CAD9584001B6733 /* SettingsInteractor.swift in Sources */,
				EB292FDA1CADB26A00D39463 /* PairingAPIDataManager.swift in Sources */,
				9A3CEE141CAB08CA00EFC8A7 /* ProfileView.swift in Sources */,
				EB929F4B1CB853FE007D220D /* UIImage+Blur.swift in Sources */,
				EBBBC1BA1CB085F200034456 /* ActivityWireFrame.swift in Sources */,
				9A3CEE101CAB08BC00EFC8A7 /* ProfilePresenter.swift in Sources */,
				9A3CEE121CAB08C200EFC8A7 /* ProfileProtocols.swift in Sources */,
				9AFD61071CA408F600E1CC32 /* Resource.swift in Sources */,
				EB292FD61CADB25200D39463 /* PairingItem.swift in Sources */,
				EBBBC1BE1CB0860D00034456 /* ActivityProtocols.swift in Sources */,
				EBBBC1AA1CB0622300034456 /* ProfileUserCell.swift in Sources */,
				9A3CEE181CAB1D1D00EFC8A7 /* RootWireFrame.swift in Sources */,
				9AFD61061CA408F600E1CC32 /* JSONDecodable.swift in Sources */,
				EBBBC1C01CB0861600034456 /* ActivityPresenter.swift in Sources */,
				9A3CEE081CAB089F00EFC8A7 /* ProfileAPIDataManager.swift in Sources */,
				EB292FDC1CADB27200D39463 /* PairingLocalDataManager.swift in Sources */,
				EBBBC1BC1CB0860500034456 /* ActivityView.swift in Sources */,
				EB292FD21CADB23700D39463 /* PairingPresenter.swift in Sources */,
				EB292FD81CADB25C00D39463 /* PairingView.swift in Sources */,
				9ADA5B181CA6FB2D00C4B285 /* AIDViewController.swift in Sources */,
				9A9469AF1CAD958E001B6733 /* SettingsPresenter.swift in Sources */,
				9A6B1ADF1C9DC36A006D7A7C /* AppDelegate.swift in Sources */,
				9A92D4F31CA449C100AEB182 /* LoginWireFrame.swift in Sources */,
				EB292FD01CADB22B00D39463 /* PairingProtocols.swift in Sources */,
				EB16F8C91CB5BD4400694D04 /* ProfileChart.swift in Sources */,
				9A92D4EA1CA4495D00AEB182 /* LoginPresenter.swift in Sources */,
				9A9469B11CAD9596001B6733 /* SettingsProtocols.swift in Sources */,
				9A9469A21CAD952D001B6733 /* SettingsAPIDataManager.swift in Sources */,
				9A40115F1C9F11BC0038BC2D /* AppDependencies.swift in Sources */,
				EBBBC1D31CB0882600034456 /* ActivityCell.swift in Sources */,
				9A4011541C9EFD880038BC2D /* AIDColor.swift in Sources */,
				9AC63E261CAC570A00AD6439 /* AIDNavigationController.swift in Sources */,
				9AFD61051CA408F600E1CC32 /* APIClient.swift in Sources */,
				9ADA5B131CA6BC2200C4B285 /* AIDProgressView.swift in Sources */,
				9A3CEE0D1CAB08B400EFC8A7 /* ProfileInteractor.swift in Sources */,
				EB292FCE1CADB21E00D39463 /* PairingWireFrame.swift in Sources */,
				9A3CEE161CAB08D100EFC8A7 /* ProfileWireFrame.swift in Sources */,
				9A92D4E21CA4492500AEB182 /* LoginLocalDataManager.swift in Sources */,
				9A9469B31CAD95A0001B6733 /* SettingsView.swift in Sources */,
				EBBBC1D61CB1BAD700034456 /* UserAPI.swift in Sources */,
			);
			runOnlyForDeploymentPostprocessing = 0;
		};
		9A6B1AEB1C9DC36A006D7A7C /* Sources */ = {
			isa = PBXSourcesBuildPhase;
			buildActionMask = 2147483647;
			files = (
				9AC63E241CAC481B00AD6439 /* UserTests.swift in Sources */,
				9A6B1AF41C9DC36A006D7A7C /* UserManagerTests.swift in Sources */,
			);
			runOnlyForDeploymentPostprocessing = 0;
		};
/* End PBXSourcesBuildPhase section */

/* Begin PBXTargetDependency section */
		9A6B1AF11C9DC36A006D7A7C /* PBXTargetDependency */ = {
			isa = PBXTargetDependency;
			target = 9A6B1ADA1C9DC36A006D7A7C /* aidify */;
			targetProxy = 9A6B1AF01C9DC36A006D7A7C /* PBXContainerItemProxy */;
		};
/* End PBXTargetDependency section */

/* Begin PBXVariantGroup section */
		9A3CEE191CAB235B00EFC8A7 /* ProfileView.xib */ = {
			isa = PBXVariantGroup;
			children = (
				9A3CEE1A1CAB235B00EFC8A7 /* Base */,
			);
			name = ProfileView.xib;
			sourceTree = "<group>";
		};
		9A6B1AE71C9DC36A006D7A7C /* LaunchScreen.storyboard */ = {
			isa = PBXVariantGroup;
			children = (
				9A6B1AE81C9DC36A006D7A7C /* Base */,
			);
			name = LaunchScreen.storyboard;
			sourceTree = "<group>";
		};
		9A92D4F41CA44CB900AEB182 /* LoginView.xib */ = {
			isa = PBXVariantGroup;
			children = (
				9A92D4F51CA44CB900AEB182 /* Base */,
			);
			name = LoginView.xib;
			path = ..;
			sourceTree = "<group>";
		};
		9A9469B61CAD96C0001B6733 /* SettingsView.xib */ = {
			isa = PBXVariantGroup;
			children = (
				9A9469B71CAD96C0001B6733 /* Base */,
			);
			name = SettingsView.xib;
			sourceTree = "<group>";
		};
		EBBBC1A51CB01F8A00034456 /* PairingView.xib */ = {
			isa = PBXVariantGroup;
			children = (
				EBBBC1A61CB01F8A00034456 /* Base */,
			);
			name = PairingView.xib;
			sourceTree = "<group>";
		};
/* End PBXVariantGroup section */

/* Begin XCBuildConfiguration section */
		9A6B1AF61C9DC36A006D7A7C /* Debug */ = {
			isa = XCBuildConfiguration;
			buildSettings = {
				ALWAYS_SEARCH_USER_PATHS = NO;
				CLANG_CXX_LANGUAGE_STANDARD = "gnu++0x";
				CLANG_CXX_LIBRARY = "libc++";
				CLANG_ENABLE_MODULES = YES;
				CLANG_ENABLE_OBJC_ARC = YES;
				CLANG_WARN_BOOL_CONVERSION = YES;
				CLANG_WARN_CONSTANT_CONVERSION = YES;
				CLANG_WARN_DIRECT_OBJC_ISA_USAGE = YES_ERROR;
				CLANG_WARN_EMPTY_BODY = YES;
				CLANG_WARN_ENUM_CONVERSION = YES;
				CLANG_WARN_INT_CONVERSION = YES;
				CLANG_WARN_OBJC_ROOT_CLASS = YES_ERROR;
				CLANG_WARN_UNREACHABLE_CODE = YES;
				CLANG_WARN__DUPLICATE_METHOD_MATCH = YES;
				"CODE_SIGN_IDENTITY[sdk=iphoneos*]" = "iPhone Developer";
				COPY_PHASE_STRIP = NO;
				DEBUG_INFORMATION_FORMAT = dwarf;
				ENABLE_STRICT_OBJC_MSGSEND = YES;
				ENABLE_TESTABILITY = YES;
				GCC_C_LANGUAGE_STANDARD = gnu99;
				GCC_DYNAMIC_NO_PIC = NO;
				GCC_NO_COMMON_BLOCKS = YES;
				GCC_OPTIMIZATION_LEVEL = 0;
				GCC_PREPROCESSOR_DEFINITIONS = (
					"DEBUG=1",
					"$(inherited)",
				);
				GCC_WARN_64_TO_32_BIT_CONVERSION = YES;
				GCC_WARN_ABOUT_RETURN_TYPE = YES_ERROR;
				GCC_WARN_UNDECLARED_SELECTOR = YES;
				GCC_WARN_UNINITIALIZED_AUTOS = YES_AGGRESSIVE;
				GCC_WARN_UNUSED_FUNCTION = YES;
				GCC_WARN_UNUSED_VARIABLE = YES;
				IPHONEOS_DEPLOYMENT_TARGET = 9.2;
				MTL_ENABLE_DEBUG_INFO = YES;
				ONLY_ACTIVE_ARCH = YES;
				SDKROOT = iphoneos;
				SWIFT_OPTIMIZATION_LEVEL = "-Onone";
			};
			name = Debug;
		};
		9A6B1AF71C9DC36A006D7A7C /* Release */ = {
			isa = XCBuildConfiguration;
			buildSettings = {
				ALWAYS_SEARCH_USER_PATHS = NO;
				CLANG_CXX_LANGUAGE_STANDARD = "gnu++0x";
				CLANG_CXX_LIBRARY = "libc++";
				CLANG_ENABLE_MODULES = YES;
				CLANG_ENABLE_OBJC_ARC = YES;
				CLANG_WARN_BOOL_CONVERSION = YES;
				CLANG_WARN_CONSTANT_CONVERSION = YES;
				CLANG_WARN_DIRECT_OBJC_ISA_USAGE = YES_ERROR;
				CLANG_WARN_EMPTY_BODY = YES;
				CLANG_WARN_ENUM_CONVERSION = YES;
				CLANG_WARN_INT_CONVERSION = YES;
				CLANG_WARN_OBJC_ROOT_CLASS = YES_ERROR;
				CLANG_WARN_UNREACHABLE_CODE = YES;
				CLANG_WARN__DUPLICATE_METHOD_MATCH = YES;
				"CODE_SIGN_IDENTITY[sdk=iphoneos*]" = "iPhone Developer";
				COPY_PHASE_STRIP = NO;
				DEBUG_INFORMATION_FORMAT = "dwarf-with-dsym";
				ENABLE_NS_ASSERTIONS = NO;
				ENABLE_STRICT_OBJC_MSGSEND = YES;
				GCC_C_LANGUAGE_STANDARD = gnu99;
				GCC_NO_COMMON_BLOCKS = YES;
				GCC_WARN_64_TO_32_BIT_CONVERSION = YES;
				GCC_WARN_ABOUT_RETURN_TYPE = YES_ERROR;
				GCC_WARN_UNDECLARED_SELECTOR = YES;
				GCC_WARN_UNINITIALIZED_AUTOS = YES_AGGRESSIVE;
				GCC_WARN_UNUSED_FUNCTION = YES;
				GCC_WARN_UNUSED_VARIABLE = YES;
				IPHONEOS_DEPLOYMENT_TARGET = 9.2;
				MTL_ENABLE_DEBUG_INFO = NO;
				SDKROOT = iphoneos;
				VALIDATE_PRODUCT = YES;
			};
			name = Release;
		};
		9A6B1AF91C9DC36A006D7A7C /* Debug */ = {
			isa = XCBuildConfiguration;
			baseConfigurationReference = A2FF398ABA69F2FFF200CC22 /* Pods-aidify.debug.xcconfig */;
			buildSettings = {
				ASSETCATALOG_COMPILER_APPICON_NAME = AppIcon;
				CODE_SIGN_IDENTITY = "iPhone Developer";
				FRAMEWORK_SEARCH_PATHS = (
					"$(inherited)",
					"$(PROJECT_DIR)/aidify",
				);
				INFOPLIST_FILE = aidify/Info.plist;
				IPHONEOS_DEPLOYMENT_TARGET = 9.0;
				LD_RUNPATH_SEARCH_PATHS = "$(inherited) @executable_path/Frameworks";
				PRODUCT_BUNDLE_IDENTIFIER = com.aidify.aidify;
				PRODUCT_NAME = "$(TARGET_NAME)";
				SWIFT_OBJC_BRIDGING_HEADER = "${PROJECT_NAME}/Classes/ObjCBridge.h";
				TARGETED_DEVICE_FAMILY = "1,2";
			};
			name = Debug;
		};
		9A6B1AFA1C9DC36A006D7A7C /* Release */ = {
			isa = XCBuildConfiguration;
			baseConfigurationReference = 53ECC2D926BDF483868E43B1 /* Pods-aidify.release.xcconfig */;
			buildSettings = {
				ASSETCATALOG_COMPILER_APPICON_NAME = AppIcon;
				CODE_SIGN_IDENTITY = "iPhone Developer";
				FRAMEWORK_SEARCH_PATHS = (
					"$(inherited)",
					"$(PROJECT_DIR)/aidify",
				);
				INFOPLIST_FILE = aidify/Info.plist;
				IPHONEOS_DEPLOYMENT_TARGET = 9.0;
				LD_RUNPATH_SEARCH_PATHS = "$(inherited) @executable_path/Frameworks";
				PRODUCT_BUNDLE_IDENTIFIER = com.aidify.aidify;
				PRODUCT_NAME = "$(TARGET_NAME)";
				SWIFT_OBJC_BRIDGING_HEADER = "${PROJECT_NAME}/Classes/ObjCBridge.h";
				TARGETED_DEVICE_FAMILY = "1,2";
			};
			name = Release;
		};
		9A6B1AFC1C9DC36A006D7A7C /* Debug */ = {
			isa = XCBuildConfiguration;
			buildSettings = {
				BUNDLE_LOADER = "$(TEST_HOST)";
				INFOPLIST_FILE = aidifyTests/Info.plist;
				LD_RUNPATH_SEARCH_PATHS = "$(inherited) @executable_path/Frameworks @loader_path/Frameworks";
				PRODUCT_BUNDLE_IDENTIFIER = com.aidify.aidifyTests;
				PRODUCT_NAME = "$(TARGET_NAME)";
				TEST_HOST = "$(BUILT_PRODUCTS_DIR)/aidify.app/aidify";
			};
			name = Debug;
		};
		9A6B1AFD1C9DC36A006D7A7C /* Release */ = {
			isa = XCBuildConfiguration;
			buildSettings = {
				BUNDLE_LOADER = "$(TEST_HOST)";
				INFOPLIST_FILE = aidifyTests/Info.plist;
				LD_RUNPATH_SEARCH_PATHS = "$(inherited) @executable_path/Frameworks @loader_path/Frameworks";
				PRODUCT_BUNDLE_IDENTIFIER = com.aidify.aidifyTests;
				PRODUCT_NAME = "$(TARGET_NAME)";
				TEST_HOST = "$(BUILT_PRODUCTS_DIR)/aidify.app/aidify";
			};
			name = Release;
		};
/* End XCBuildConfiguration section */

/* Begin XCConfigurationList section */
		9A6B1AD61C9DC36A006D7A7C /* Build configuration list for PBXProject "aidify" */ = {
			isa = XCConfigurationList;
			buildConfigurations = (
				9A6B1AF61C9DC36A006D7A7C /* Debug */,
				9A6B1AF71C9DC36A006D7A7C /* Release */,
			);
			defaultConfigurationIsVisible = 0;
			defaultConfigurationName = Release;
		};
		9A6B1AF81C9DC36A006D7A7C /* Build configuration list for PBXNativeTarget "aidify" */ = {
			isa = XCConfigurationList;
			buildConfigurations = (
				9A6B1AF91C9DC36A006D7A7C /* Debug */,
				9A6B1AFA1C9DC36A006D7A7C /* Release */,
			);
			defaultConfigurationIsVisible = 0;
			defaultConfigurationName = Release;
		};
		9A6B1AFB1C9DC36A006D7A7C /* Build configuration list for PBXNativeTarget "aidifyTests" */ = {
			isa = XCConfigurationList;
			buildConfigurations = (
				9A6B1AFC1C9DC36A006D7A7C /* Debug */,
				9A6B1AFD1C9DC36A006D7A7C /* Release */,
			);
			defaultConfigurationIsVisible = 0;
			defaultConfigurationName = Release;
		};
/* End XCConfigurationList section */
	};
	rootObject = 9A6B1AD31C9DC36A006D7A7C /* Project object */;
}
