// !$*UTF8*$!
{
	archiveVersion = 1;
	classes = {
	};
	objectVersion = 46;
	objects = {

/* Begin PBXBuildFile section */
		9A3CEDFD1CAAF49B00EFC8A7 /* AIDConstants.swift in Sources */ = {isa = PBXBuildFile; fileRef = 9A3CEDFC1CAAF49B00EFC8A7 /* AIDConstants.swift */; };
		9A3CEE081CAB089F00EFC8A7 /* ProfileAPIDataManager.swift in Sources */ = {isa = PBXBuildFile; fileRef = 9A3CEE071CAB089F00EFC8A7 /* ProfileAPIDataManager.swift */; };
		9A3CEE0A1CAB08AA00EFC8A7 /* ProfileLocalDataManager.swift in Sources */ = {isa = PBXBuildFile; fileRef = 9A3CEE091CAB08AA00EFC8A7 /* ProfileLocalDataManager.swift */; };
		9A3CEE0D1CAB08B400EFC8A7 /* ProfileInteractor.swift in Sources */ = {isa = PBXBuildFile; fileRef = 9A3CEE0B1CAB08B400EFC8A7 /* ProfileInteractor.swift */; };
		9A3CEE0E1CAB08B400EFC8A7 /* ProfileItem.swift in Sources */ = {isa = PBXBuildFile; fileRef = 9A3CEE0C1CAB08B400EFC8A7 /* ProfileItem.swift */; };
		9A3CEE101CAB08BC00EFC8A7 /* ProfilePresenter.swift in Sources */ = {isa = PBXBuildFile; fileRef = 9A3CEE0F1CAB08BC00EFC8A7 /* ProfilePresenter.swift */; };
		9A3CEE121CAB08C200EFC8A7 /* ProfileProtocols.swift in Sources */ = {isa = PBXBuildFile; fileRef = 9A3CEE111CAB08C200EFC8A7 /* ProfileProtocols.swift */; };
		9A3CEE141CAB08CA00EFC8A7 /* ProfileView.swift in Sources */ = {isa = PBXBuildFile; fileRef = 9A3CEE131CAB08CA00EFC8A7 /* ProfileView.swift */; };
		9A3CEE161CAB08D100EFC8A7 /* ProfileWireFrame.swift in Sources */ = {isa = PBXBuildFile; fileRef = 9A3CEE151CAB08D100EFC8A7 /* ProfileWireFrame.swift */; };
		9A4011541C9EFD880038BC2D /* AIDColor.swift in Sources */ = {isa = PBXBuildFile; fileRef = 9A4011531C9EFD880038BC2D /* AIDColor.swift */; };
		9A4011561C9F00F80038BC2D /* AIDFont.swift in Sources */ = {isa = PBXBuildFile; fileRef = 9A4011551C9F00F80038BC2D /* AIDFont.swift */; };
		9A40115B1C9F0C0D0038BC2D /* AllerDisplay.ttf in Resources */ = {isa = PBXBuildFile; fileRef = 9A4011581C9F0C0D0038BC2D /* AllerDisplay.ttf */; };
		9A40115C1C9F0C0D0038BC2D /* Raleway-Light.ttf in Resources */ = {isa = PBXBuildFile; fileRef = 9A4011591C9F0C0D0038BC2D /* Raleway-Light.ttf */; };
		9A40115D1C9F0C0D0038BC2D /* Raleway-Medium.ttf in Resources */ = {isa = PBXBuildFile; fileRef = 9A40115A1C9F0C0D0038BC2D /* Raleway-Medium.ttf */; };
		9A40115F1C9F11BC0038BC2D /* AppDependencies.swift in Sources */ = {isa = PBXBuildFile; fileRef = 9A40115E1C9F11BC0038BC2D /* AppDependencies.swift */; };
		9A6141991CA9CC38009ACE34 /* UserManager.swift in Sources */ = {isa = PBXBuildFile; fileRef = 9A6141981CA9CC38009ACE34 /* UserManager.swift */; };
		9A61419B1CA9CC62009ACE34 /* User.swift in Sources */ = {isa = PBXBuildFile; fileRef = 9A61419A1CA9CC62009ACE34 /* User.swift */; };
		9A6B1ADF1C9DC36A006D7A7C /* AppDelegate.swift in Sources */ = {isa = PBXBuildFile; fileRef = 9A6B1ADE1C9DC36A006D7A7C /* AppDelegate.swift */; };
		9A6B1AE91C9DC36A006D7A7C /* LaunchScreen.storyboard in Resources */ = {isa = PBXBuildFile; fileRef = 9A6B1AE71C9DC36A006D7A7C /* LaunchScreen.storyboard */; };
		9A6B1AF41C9DC36A006D7A7C /* UserManagerTests.swift in Sources */ = {isa = PBXBuildFile; fileRef = 9A6B1AF31C9DC36A006D7A7C /* UserManagerTests.swift */; };
		9A6B1AFF1C9DCF6A006D7A7C /* Assets.xcassets in Resources */ = {isa = PBXBuildFile; fileRef = 9A6B1AFE1C9DCF6A006D7A7C /* Assets.xcassets */; };
		9A92D4DD1CA448F100AEB182 /* LoginAPIDataManager.swift in Sources */ = {isa = PBXBuildFile; fileRef = 9A92D4DC1CA448F100AEB182 /* LoginAPIDataManager.swift */; };
		9A92D4E21CA4492500AEB182 /* LoginLocalDataManager.swift in Sources */ = {isa = PBXBuildFile; fileRef = 9A92D4E11CA4492500AEB182 /* LoginLocalDataManager.swift */; };
		9A92D4E61CA4494600AEB182 /* LoginInteractor.swift in Sources */ = {isa = PBXBuildFile; fileRef = 9A92D4E41CA4494600AEB182 /* LoginInteractor.swift */; };
		9A92D4E71CA4494600AEB182 /* LoginItem.swift in Sources */ = {isa = PBXBuildFile; fileRef = 9A92D4E51CA4494600AEB182 /* LoginItem.swift */; };
		9A92D4EA1CA4495D00AEB182 /* LoginPresenter.swift in Sources */ = {isa = PBXBuildFile; fileRef = 9A92D4E91CA4495D00AEB182 /* LoginPresenter.swift */; };
		9A92D4ED1CA4497800AEB182 /* LoginProtocols.swift in Sources */ = {isa = PBXBuildFile; fileRef = 9A92D4EC1CA4497800AEB182 /* LoginProtocols.swift */; };
		9A92D4F01CA4499100AEB182 /* LoginView.swift in Sources */ = {isa = PBXBuildFile; fileRef = 9A92D4EF1CA4499100AEB182 /* LoginView.swift */; };
		9A92D4F31CA449C100AEB182 /* LoginWireFrame.swift in Sources */ = {isa = PBXBuildFile; fileRef = 9A92D4F21CA449C100AEB182 /* LoginWireFrame.swift */; };
		9A92D4F61CA44CB900AEB182 /* LoginView.xib in Resources */ = {isa = PBXBuildFile; fileRef = 9A92D4F41CA44CB900AEB182 /* LoginView.xib */; };
		9A92D4F91CA4689C00AEB182 /* AIDTextField.swift in Sources */ = {isa = PBXBuildFile; fileRef = 9A92D4F81CA4689C00AEB182 /* AIDTextField.swift */; };
		9ADA5B131CA6BC2200C4B285 /* AIDProgressView.swift in Sources */ = {isa = PBXBuildFile; fileRef = 9ADA5B121CA6BC2200C4B285 /* AIDProgressView.swift */; };
		9ADA5B181CA6FB2D00C4B285 /* AIDViewController.swift in Sources */ = {isa = PBXBuildFile; fileRef = 9ADA5B171CA6FB2D00C4B285 /* AIDViewController.swift */; };
		9ADB63641CA54DE100BCC7FF /* Raleway-Bold.ttf in Resources */ = {isa = PBXBuildFile; fileRef = 9ADB63631CA53B4500BCC7FF /* Raleway-Bold.ttf */; };
		9ADB63661CA5535C00BCC7FF /* Raleway-Regular.ttf in Resources */ = {isa = PBXBuildFile; fileRef = 9ADB63651CA5535400BCC7FF /* Raleway-Regular.ttf */; };
		9AFD61051CA408F600E1CC32 /* APIClient.swift in Sources */ = {isa = PBXBuildFile; fileRef = 9AFD61021CA408F600E1CC32 /* APIClient.swift */; };
		9AFD61061CA408F600E1CC32 /* JSONDecodable.swift in Sources */ = {isa = PBXBuildFile; fileRef = 9AFD61031CA408F600E1CC32 /* JSONDecodable.swift */; };
		9AFD61071CA408F600E1CC32 /* Resource.swift in Sources */ = {isa = PBXBuildFile; fileRef = 9AFD61041CA408F600E1CC32 /* Resource.swift */; };
/* End PBXBuildFile section */

/* Begin PBXContainerItemProxy section */
		9A6B1AF01C9DC36A006D7A7C /* PBXContainerItemProxy */ = {
			isa = PBXContainerItemProxy;
			containerPortal = 9A6B1AD31C9DC36A006D7A7C /* Project object */;
			proxyType = 1;
			remoteGlobalIDString = 9A6B1ADA1C9DC36A006D7A7C;
			remoteInfo = aidify;
		};
/* End PBXContainerItemProxy section */

/* Begin PBXFileReference section */
		9A3CEDFC1CAAF49B00EFC8A7 /* AIDConstants.swift */ = {isa = PBXFileReference; fileEncoding = 4; lastKnownFileType = sourcecode.swift; name = AIDConstants.swift; path = Classes/AIDConstants.swift; sourceTree = "<group>"; };
		9A3CEE071CAB089F00EFC8A7 /* ProfileAPIDataManager.swift */ = {isa = PBXFileReference; fileEncoding = 4; lastKnownFileType = sourcecode.swift; path = ProfileAPIDataManager.swift; sourceTree = "<group>"; };
		9A3CEE091CAB08AA00EFC8A7 /* ProfileLocalDataManager.swift */ = {isa = PBXFileReference; fileEncoding = 4; lastKnownFileType = sourcecode.swift; path = ProfileLocalDataManager.swift; sourceTree = "<group>"; };
		9A3CEE0B1CAB08B400EFC8A7 /* ProfileInteractor.swift */ = {isa = PBXFileReference; fileEncoding = 4; lastKnownFileType = sourcecode.swift; path = ProfileInteractor.swift; sourceTree = "<group>"; };
		9A3CEE0C1CAB08B400EFC8A7 /* ProfileItem.swift */ = {isa = PBXFileReference; fileEncoding = 4; lastKnownFileType = sourcecode.swift; path = ProfileItem.swift; sourceTree = "<group>"; };
		9A3CEE0F1CAB08BC00EFC8A7 /* ProfilePresenter.swift */ = {isa = PBXFileReference; fileEncoding = 4; lastKnownFileType = sourcecode.swift; path = ProfilePresenter.swift; sourceTree = "<group>"; };
		9A3CEE111CAB08C200EFC8A7 /* ProfileProtocols.swift */ = {isa = PBXFileReference; fileEncoding = 4; lastKnownFileType = sourcecode.swift; path = ProfileProtocols.swift; sourceTree = "<group>"; };
		9A3CEE131CAB08CA00EFC8A7 /* ProfileView.swift */ = {isa = PBXFileReference; fileEncoding = 4; lastKnownFileType = sourcecode.swift; path = ProfileView.swift; sourceTree = "<group>"; };
		9A3CEE151CAB08D100EFC8A7 /* ProfileWireFrame.swift */ = {isa = PBXFileReference; fileEncoding = 4; lastKnownFileType = sourcecode.swift; path = ProfileWireFrame.swift; sourceTree = "<group>"; };
		9A4011531C9EFD880038BC2D /* AIDColor.swift */ = {isa = PBXFileReference; fileEncoding = 4; lastKnownFileType = sourcecode.swift; path = AIDColor.swift; sourceTree = "<group>"; };
		9A4011551C9F00F80038BC2D /* AIDFont.swift */ = {isa = PBXFileReference; fileEncoding = 4; lastKnownFileType = sourcecode.swift; path = AIDFont.swift; sourceTree = "<group>"; };
		9A4011581C9F0C0D0038BC2D /* AllerDisplay.ttf */ = {isa = PBXFileReference; lastKnownFileType = file; path = AllerDisplay.ttf; sourceTree = "<group>"; };
		9A4011591C9F0C0D0038BC2D /* Raleway-Light.ttf */ = {isa = PBXFileReference; lastKnownFileType = file; path = "Raleway-Light.ttf"; sourceTree = "<group>"; };
		9A40115A1C9F0C0D0038BC2D /* Raleway-Medium.ttf */ = {isa = PBXFileReference; lastKnownFileType = file; path = "Raleway-Medium.ttf"; sourceTree = "<group>"; };
		9A40115E1C9F11BC0038BC2D /* AppDependencies.swift */ = {isa = PBXFileReference; fileEncoding = 4; lastKnownFileType = sourcecode.swift; name = AppDependencies.swift; path = Classes/AppDependencies.swift; sourceTree = "<group>"; };
		9A6141981CA9CC38009ACE34 /* UserManager.swift */ = {isa = PBXFileReference; fileEncoding = 4; lastKnownFileType = sourcecode.swift; name = UserManager.swift; path = Classes/UserManager.swift; sourceTree = "<group>"; };
		9A61419A1CA9CC62009ACE34 /* User.swift */ = {isa = PBXFileReference; fileEncoding = 4; lastKnownFileType = sourcecode.swift; name = User.swift; path = Classes/User.swift; sourceTree = "<group>"; };
		9A6B1ADB1C9DC36A006D7A7C /* aidify.app */ = {isa = PBXFileReference; explicitFileType = wrapper.application; includeInIndex = 0; path = aidify.app; sourceTree = BUILT_PRODUCTS_DIR; };
		9A6B1ADE1C9DC36A006D7A7C /* AppDelegate.swift */ = {isa = PBXFileReference; lastKnownFileType = sourcecode.swift; name = AppDelegate.swift; path = Classes/AppDelegate.swift; sourceTree = "<group>"; };
		9A6B1AE81C9DC36A006D7A7C /* Base */ = {isa = PBXFileReference; lastKnownFileType = file.storyboard; name = Base; path = Base.lproj/LaunchScreen.storyboard; sourceTree = "<group>"; };
		9A6B1AEA1C9DC36A006D7A7C /* Info.plist */ = {isa = PBXFileReference; lastKnownFileType = text.plist.xml; path = Info.plist; sourceTree = "<group>"; };
		9A6B1AEF1C9DC36A006D7A7C /* aidifyTests.xctest */ = {isa = PBXFileReference; explicitFileType = wrapper.cfbundle; includeInIndex = 0; path = aidifyTests.xctest; sourceTree = BUILT_PRODUCTS_DIR; };
		9A6B1AF31C9DC36A006D7A7C /* UserManagerTests.swift */ = {isa = PBXFileReference; lastKnownFileType = sourcecode.swift; path = UserManagerTests.swift; sourceTree = "<group>"; };
		9A6B1AF51C9DC36A006D7A7C /* Info.plist */ = {isa = PBXFileReference; lastKnownFileType = text.plist.xml; path = Info.plist; sourceTree = "<group>"; };
		9A6B1AFE1C9DCF6A006D7A7C /* Assets.xcassets */ = {isa = PBXFileReference; lastKnownFileType = folder.assetcatalog; path = Assets.xcassets; sourceTree = "<group>"; };
		9A92D4DC1CA448F100AEB182 /* LoginAPIDataManager.swift */ = {isa = PBXFileReference; fileEncoding = 4; lastKnownFileType = sourcecode.swift; path = LoginAPIDataManager.swift; sourceTree = "<group>"; };
		9A92D4E11CA4492500AEB182 /* LoginLocalDataManager.swift */ = {isa = PBXFileReference; fileEncoding = 4; lastKnownFileType = sourcecode.swift; path = LoginLocalDataManager.swift; sourceTree = "<group>"; };
		9A92D4E41CA4494600AEB182 /* LoginInteractor.swift */ = {isa = PBXFileReference; fileEncoding = 4; lastKnownFileType = sourcecode.swift; path = LoginInteractor.swift; sourceTree = "<group>"; };
		9A92D4E51CA4494600AEB182 /* LoginItem.swift */ = {isa = PBXFileReference; fileEncoding = 4; lastKnownFileType = sourcecode.swift; path = LoginItem.swift; sourceTree = "<group>"; };
		9A92D4E91CA4495D00AEB182 /* LoginPresenter.swift */ = {isa = PBXFileReference; fileEncoding = 4; lastKnownFileType = sourcecode.swift; path = LoginPresenter.swift; sourceTree = "<group>"; };
		9A92D4EC1CA4497800AEB182 /* LoginProtocols.swift */ = {isa = PBXFileReference; fileEncoding = 4; lastKnownFileType = sourcecode.swift; path = LoginProtocols.swift; sourceTree = "<group>"; };
		9A92D4EF1CA4499100AEB182 /* LoginView.swift */ = {isa = PBXFileReference; fileEncoding = 4; lastKnownFileType = sourcecode.swift; path = LoginView.swift; sourceTree = "<group>"; };
		9A92D4F21CA449C100AEB182 /* LoginWireFrame.swift */ = {isa = PBXFileReference; fileEncoding = 4; lastKnownFileType = sourcecode.swift; path = LoginWireFrame.swift; sourceTree = "<group>"; };
		9A92D4F51CA44CB900AEB182 /* Base */ = {isa = PBXFileReference; lastKnownFileType = file.xib; name = Base; path = Base.lproj/LoginView.xib; sourceTree = "<group>"; };
		9A92D4F81CA4689C00AEB182 /* AIDTextField.swift */ = {isa = PBXFileReference; fileEncoding = 4; lastKnownFileType = sourcecode.swift; name = AIDTextField.swift; path = Classes/AIDTextField.swift; sourceTree = "<group>"; };
		9ADA5B121CA6BC2200C4B285 /* AIDProgressView.swift */ = {isa = PBXFileReference; fileEncoding = 4; lastKnownFileType = sourcecode.swift; name = AIDProgressView.swift; path = Classes/AIDProgressView.swift; sourceTree = "<group>"; };
		9ADA5B171CA6FB2D00C4B285 /* AIDViewController.swift */ = {isa = PBXFileReference; fileEncoding = 4; lastKnownFileType = sourcecode.swift; name = AIDViewController.swift; path = Classes/AIDViewController.swift; sourceTree = "<group>"; };
		9ADB63631CA53B4500BCC7FF /* Raleway-Bold.ttf */ = {isa = PBXFileReference; lastKnownFileType = file; path = "Raleway-Bold.ttf"; sourceTree = "<group>"; };
		9ADB63651CA5535400BCC7FF /* Raleway-Regular.ttf */ = {isa = PBXFileReference; lastKnownFileType = file; path = "Raleway-Regular.ttf"; sourceTree = "<group>"; };
		9AFD61021CA408F600E1CC32 /* APIClient.swift */ = {isa = PBXFileReference; fileEncoding = 4; lastKnownFileType = sourcecode.swift; name = APIClient.swift; path = Classes/APIClient.swift; sourceTree = "<group>"; };
		9AFD61031CA408F600E1CC32 /* JSONDecodable.swift */ = {isa = PBXFileReference; fileEncoding = 4; lastKnownFileType = sourcecode.swift; name = JSONDecodable.swift; path = Classes/JSONDecodable.swift; sourceTree = "<group>"; };
		9AFD61041CA408F600E1CC32 /* Resource.swift */ = {isa = PBXFileReference; fileEncoding = 4; lastKnownFileType = sourcecode.swift; name = Resource.swift; path = Classes/Resource.swift; sourceTree = "<group>"; };
/* End PBXFileReference section */

/* Begin PBXFrameworksBuildPhase section */
		9A6B1AD81C9DC36A006D7A7C /* Frameworks */ = {
			isa = PBXFrameworksBuildPhase;
			buildActionMask = 2147483647;
			files = (
			);
			runOnlyForDeploymentPostprocessing = 0;
		};
		9A6B1AEC1C9DC36A006D7A7C /* Frameworks */ = {
			isa = PBXFrameworksBuildPhase;
			buildActionMask = 2147483647;
			files = (
			);
			runOnlyForDeploymentPostprocessing = 0;
		};
/* End PBXFrameworksBuildPhase section */

/* Begin PBXGroup section */
		9A3CEDFE1CAB083500EFC8A7 /* Profile */ = {
			isa = PBXGroup;
			children = (
				9A3CEDFF1CAB084200EFC8A7 /* DataManager */,
				9A3CEE021CAB085700EFC8A7 /* Interactor */,
				9A3CEE031CAB085E00EFC8A7 /* Presenter */,
				9A3CEE041CAB086700EFC8A7 /* Protocols */,
				9A3CEE051CAB087200EFC8A7 /* View */,
				9A3CEE061CAB087900EFC8A7 /* WireFrame */,
			);
			name = Profile;
			sourceTree = "<group>";
		};
		9A3CEDFF1CAB084200EFC8A7 /* DataManager */ = {
			isa = PBXGroup;
			children = (
				9A3CEE001CAB084B00EFC8A7 /* API */,
				9A3CEE011CAB085100EFC8A7 /* Local */,
			);
			name = DataManager;
			sourceTree = "<group>";
		};
		9A3CEE001CAB084B00EFC8A7 /* API */ = {
			isa = PBXGroup;
			children = (
				9A3CEE071CAB089F00EFC8A7 /* ProfileAPIDataManager.swift */,
			);
			name = API;
			sourceTree = "<group>";
		};
		9A3CEE011CAB085100EFC8A7 /* Local */ = {
			isa = PBXGroup;
			children = (
				9A3CEE091CAB08AA00EFC8A7 /* ProfileLocalDataManager.swift */,
			);
			name = Local;
			sourceTree = "<group>";
		};
		9A3CEE021CAB085700EFC8A7 /* Interactor */ = {
			isa = PBXGroup;
			children = (
				9A3CEE0B1CAB08B400EFC8A7 /* ProfileInteractor.swift */,
				9A3CEE0C1CAB08B400EFC8A7 /* ProfileItem.swift */,
			);
			name = Interactor;
			sourceTree = "<group>";
		};
		9A3CEE031CAB085E00EFC8A7 /* Presenter */ = {
			isa = PBXGroup;
			children = (
				9A3CEE0F1CAB08BC00EFC8A7 /* ProfilePresenter.swift */,
			);
			name = Presenter;
			sourceTree = "<group>";
		};
		9A3CEE041CAB086700EFC8A7 /* Protocols */ = {
			isa = PBXGroup;
			children = (
				9A3CEE111CAB08C200EFC8A7 /* ProfileProtocols.swift */,
			);
			name = Protocols;
			sourceTree = "<group>";
		};
		9A3CEE051CAB087200EFC8A7 /* View */ = {
			isa = PBXGroup;
			children = (
				9A3CEE131CAB08CA00EFC8A7 /* ProfileView.swift */,
			);
			name = View;
			sourceTree = "<group>";
		};
		9A3CEE061CAB087900EFC8A7 /* WireFrame */ = {
			isa = PBXGroup;
			children = (
				9A3CEE151CAB08D100EFC8A7 /* ProfileWireFrame.swift */,
			);
			name = WireFrame;
			sourceTree = "<group>";
		};
		9A4011521C9EFD720038BC2D /* Brand */ = {
			isa = PBXGroup;
			children = (
				9A4011531C9EFD880038BC2D /* AIDColor.swift */,
				9A4011551C9F00F80038BC2D /* AIDFont.swift */,
			);
			name = Brand;
			path = Classes;
			sourceTree = "<group>";
		};
		9A4011571C9F0A7C0038BC2D /* Resources */ = {
			isa = PBXGroup;
			children = (
				9A4011581C9F0C0D0038BC2D /* AllerDisplay.ttf */,
				9ADB63651CA5535400BCC7FF /* Raleway-Regular.ttf */,
				9A4011591C9F0C0D0038BC2D /* Raleway-Light.ttf */,
				9A40115A1C9F0C0D0038BC2D /* Raleway-Medium.ttf */,
				9ADB63631CA53B4500BCC7FF /* Raleway-Bold.ttf */,
			);
			path = Resources;
			sourceTree = "<group>";
		};
		9A6141971CA9CBAE009ACE34 /* User */ = {
			isa = PBXGroup;
			children = (
				9A61419A1CA9CC62009ACE34 /* User.swift */,
				9A6141981CA9CC38009ACE34 /* UserManager.swift */,
			);
			name = User;
			sourceTree = "<group>";
		};
		9A6B1AD21C9DC36A006D7A7C = {
			isa = PBXGroup;
			children = (
				9A6B1ADD1C9DC36A006D7A7C /* aidify */,
				9A6B1AF21C9DC36A006D7A7C /* aidifyTests */,
				9A6B1ADC1C9DC36A006D7A7C /* Products */,
			);
			sourceTree = "<group>";
		};
		9A6B1ADC1C9DC36A006D7A7C /* Products */ = {
			isa = PBXGroup;
			children = (
				9A6B1ADB1C9DC36A006D7A7C /* aidify.app */,
				9A6B1AEF1C9DC36A006D7A7C /* aidifyTests.xctest */,
			);
			name = Products;
			sourceTree = "<group>";
		};
		9A6B1ADD1C9DC36A006D7A7C /* aidify */ = {
			isa = PBXGroup;
			children = (
				9AFD60FF1CA408D800E1CC32 /* API */,
				9A4011521C9EFD720038BC2D /* Brand */,
				9A92D4F71CA4682300AEB182 /* Components */,
				9A92D4DA1CA448B100AEB182 /* Modules */,
				9A6141971CA9CBAE009ACE34 /* User */,
				9A6B1AFE1C9DCF6A006D7A7C /* Assets.xcassets */,
				9A6B1ADE1C9DC36A006D7A7C /* AppDelegate.swift */,
				9A40115E1C9F11BC0038BC2D /* AppDependencies.swift */,
				9A6B1AEA1C9DC36A006D7A7C /* Info.plist */,
				9A6B1AE71C9DC36A006D7A7C /* LaunchScreen.storyboard */,
				9A4011571C9F0A7C0038BC2D /* Resources */,
			);
			path = aidify;
			sourceTree = "<group>";
		};
		9A6B1AF21C9DC36A006D7A7C /* aidifyTests */ = {
			isa = PBXGroup;
			children = (
				9A6B1AF31C9DC36A006D7A7C /* UserManagerTests.swift */,
				9A6B1AF51C9DC36A006D7A7C /* Info.plist */,
			);
			path = aidifyTests;
			sourceTree = "<group>";
		};
		9A92D4DA1CA448B100AEB182 /* Modules */ = {
			isa = PBXGroup;
			children = (
				9A3CEDFE1CAB083500EFC8A7 /* Profile */,
				9A92D4DB1CA448C400AEB182 /* Login */,
			);
			name = Modules;
			path = Classes;
			sourceTree = "<group>";
		};
		9A92D4DB1CA448C400AEB182 /* Login */ = {
			isa = PBXGroup;
			children = (
				9A92D4DE1CA4490400AEB182 /* DataManager */,
				9A92D4E31CA4493700AEB182 /* Interactor */,
				9A92D4E81CA4495300AEB182 /* Presenter */,
				9A92D4EB1CA4496D00AEB182 /* Protocols */,
				9A92D4EE1CA4498600AEB182 /* View */,
				9A92D4F11CA449B400AEB182 /* WireFrame */,
			);
			name = Login;
			sourceTree = "<group>";
		};
		9A92D4DE1CA4490400AEB182 /* DataManager */ = {
			isa = PBXGroup;
			children = (
				9A92D4DF1CA4490D00AEB182 /* API */,
				9A92D4E01CA4491800AEB182 /* Local */,
			);
			name = DataManager;
			sourceTree = "<group>";
		};
		9A92D4DF1CA4490D00AEB182 /* API */ = {
			isa = PBXGroup;
			children = (
				9A92D4DC1CA448F100AEB182 /* LoginAPIDataManager.swift */,
			);
			name = API;
			sourceTree = "<group>";
		};
		9A92D4E01CA4491800AEB182 /* Local */ = {
			isa = PBXGroup;
			children = (
				9A92D4E11CA4492500AEB182 /* LoginLocalDataManager.swift */,
			);
			name = Local;
			sourceTree = "<group>";
		};
		9A92D4E31CA4493700AEB182 /* Interactor */ = {
			isa = PBXGroup;
			children = (
				9A92D4E41CA4494600AEB182 /* LoginInteractor.swift */,
				9A92D4E51CA4494600AEB182 /* LoginItem.swift */,
			);
			name = Interactor;
			sourceTree = "<group>";
		};
		9A92D4E81CA4495300AEB182 /* Presenter */ = {
			isa = PBXGroup;
			children = (
				9A92D4E91CA4495D00AEB182 /* LoginPresenter.swift */,
			);
			name = Presenter;
			sourceTree = "<group>";
		};
		9A92D4EB1CA4496D00AEB182 /* Protocols */ = {
			isa = PBXGroup;
			children = (
				9A92D4EC1CA4497800AEB182 /* LoginProtocols.swift */,
			);
			name = Protocols;
			sourceTree = "<group>";
		};
		9A92D4EE1CA4498600AEB182 /* View */ = {
			isa = PBXGroup;
			children = (
				9A92D4EF1CA4499100AEB182 /* LoginView.swift */,
				9A92D4F41CA44CB900AEB182 /* LoginView.xib */,
			);
			name = View;
			sourceTree = "<group>";
		};
		9A92D4F11CA449B400AEB182 /* WireFrame */ = {
			isa = PBXGroup;
			children = (
				9A92D4F21CA449C100AEB182 /* LoginWireFrame.swift */,
			);
			name = WireFrame;
			sourceTree = "<group>";
		};
		9A92D4F71CA4682300AEB182 /* Components */ = {
			isa = PBXGroup;
			children = (
				9A92D4F81CA4689C00AEB182 /* AIDTextField.swift */,
				9ADA5B121CA6BC2200C4B285 /* AIDProgressView.swift */,
				9ADA5B171CA6FB2D00C4B285 /* AIDViewController.swift */,
				9A3CEDFC1CAAF49B00EFC8A7 /* AIDConstants.swift */,
			);
			name = Components;
			sourceTree = "<group>";
		};
		9AFD60FF1CA408D800E1CC32 /* API */ = {
			isa = PBXGroup;
			children = (
				9AFD61011CA408EA00E1CC32 /* Core */,
			);
			name = API;
			sourceTree = "<group>";
		};
		9AFD61011CA408EA00E1CC32 /* Core */ = {
			isa = PBXGroup;
			children = (
				9AFD61021CA408F600E1CC32 /* APIClient.swift */,
				9AFD61031CA408F600E1CC32 /* JSONDecodable.swift */,
				9AFD61041CA408F600E1CC32 /* Resource.swift */,
			);
			name = Core;
			sourceTree = "<group>";
		};
/* End PBXGroup section */

/* Begin PBXNativeTarget section */
		9A6B1ADA1C9DC36A006D7A7C /* aidify */ = {
			isa = PBXNativeTarget;
			buildConfigurationList = 9A6B1AF81C9DC36A006D7A7C /* Build configuration list for PBXNativeTarget "aidify" */;
			buildPhases = (
				9A6B1AD71C9DC36A006D7A7C /* Sources */,
				9A6B1AD81C9DC36A006D7A7C /* Frameworks */,
				9A6B1AD91C9DC36A006D7A7C /* Resources */,
			);
			buildRules = (
			);
			dependencies = (
			);
			name = aidify;
			productName = aidify;
			productReference = 9A6B1ADB1C9DC36A006D7A7C /* aidify.app */;
			productType = "com.apple.product-type.application";
		};
		9A6B1AEE1C9DC36A006D7A7C /* aidifyTests */ = {
			isa = PBXNativeTarget;
			buildConfigurationList = 9A6B1AFB1C9DC36A006D7A7C /* Build configuration list for PBXNativeTarget "aidifyTests" */;
			buildPhases = (
				9A6B1AEB1C9DC36A006D7A7C /* Sources */,
				9A6B1AEC1C9DC36A006D7A7C /* Frameworks */,
				9A6B1AED1C9DC36A006D7A7C /* Resources */,
			);
			buildRules = (
			);
			dependencies = (
				9A6B1AF11C9DC36A006D7A7C /* PBXTargetDependency */,
			);
			name = aidifyTests;
			productName = aidifyTests;
			productReference = 9A6B1AEF1C9DC36A006D7A7C /* aidifyTests.xctest */;
			productType = "com.apple.product-type.bundle.unit-test";
		};
/* End PBXNativeTarget section */

/* Begin PBXProject section */
		9A6B1AD31C9DC36A006D7A7C /* Project object */ = {
			isa = PBXProject;
			attributes = {
				LastSwiftUpdateCheck = 0720;
				LastUpgradeCheck = 0720;
				ORGANIZATIONNAME = aidify;
				TargetAttributes = {
					9A6B1ADA1C9DC36A006D7A7C = {
						CreatedOnToolsVersion = 7.2.1;
					};
					9A6B1AEE1C9DC36A006D7A7C = {
						CreatedOnToolsVersion = 7.2.1;
						TestTargetID = 9A6B1ADA1C9DC36A006D7A7C;
					};
				};
			};
			buildConfigurationList = 9A6B1AD61C9DC36A006D7A7C /* Build configuration list for PBXProject "aidify" */;
			compatibilityVersion = "Xcode 3.2";
			developmentRegion = English;
			hasScannedForEncodings = 0;
			knownRegions = (
				en,
				Base,
			);
			mainGroup = 9A6B1AD21C9DC36A006D7A7C;
			productRefGroup = 9A6B1ADC1C9DC36A006D7A7C /* Products */;
			projectDirPath = "";
			projectRoot = "";
			targets = (
				9A6B1ADA1C9DC36A006D7A7C /* aidify */,
				9A6B1AEE1C9DC36A006D7A7C /* aidifyTests */,
			);
		};
/* End PBXProject section */

/* Begin PBXResourcesBuildPhase section */
		9A6B1AD91C9DC36A006D7A7C /* Resources */ = {
			isa = PBXResourcesBuildPhase;
			buildActionMask = 2147483647;
			files = (
				9ADB63641CA54DE100BCC7FF /* Raleway-Bold.ttf in Resources */,
				9A6B1AE91C9DC36A006D7A7C /* LaunchScreen.storyboard in Resources */,
				9A40115D1C9F0C0D0038BC2D /* Raleway-Medium.ttf in Resources */,
				9ADB63661CA5535C00BCC7FF /* Raleway-Regular.ttf in Resources */,
				9A40115C1C9F0C0D0038BC2D /* Raleway-Light.ttf in Resources */,
				9A92D4F61CA44CB900AEB182 /* LoginView.xib in Resources */,
				9A6B1AFF1C9DCF6A006D7A7C /* Assets.xcassets in Resources */,
				9A40115B1C9F0C0D0038BC2D /* AllerDisplay.ttf in Resources */,
			);
			runOnlyForDeploymentPostprocessing = 0;
		};
		9A6B1AED1C9DC36A006D7A7C /* Resources */ = {
			isa = PBXResourcesBuildPhase;
			buildActionMask = 2147483647;
			files = (
			);
			runOnlyForDeploymentPostprocessing = 0;
		};
/* End PBXResourcesBuildPhase section */

/* Begin PBXSourcesBuildPhase section */
		9A6B1AD71C9DC36A006D7A7C /* Sources */ = {
			isa = PBXSourcesBuildPhase;
			buildActionMask = 2147483647;
			files = (
				9A92D4DD1CA448F100AEB182 /* LoginAPIDataManager.swift in Sources */,
				9A92D4ED1CA4497800AEB182 /* LoginProtocols.swift in Sources */,
				9A6141991CA9CC38009ACE34 /* UserManager.swift in Sources */,
				9A92D4E61CA4494600AEB182 /* LoginInteractor.swift in Sources */,
				9A3CEDFD1CAAF49B00EFC8A7 /* AIDConstants.swift in Sources */,
				9A92D4F01CA4499100AEB182 /* LoginView.swift in Sources */,
				9A92D4F91CA4689C00AEB182 /* AIDTextField.swift in Sources */,
				9A92D4E71CA4494600AEB182 /* LoginItem.swift in Sources */,
				9A4011561C9F00F80038BC2D /* AIDFont.swift in Sources */,
				9A3CEE0E1CAB08B400EFC8A7 /* ProfileItem.swift in Sources */,
				9A3CEE0A1CAB08AA00EFC8A7 /* ProfileLocalDataManager.swift in Sources */,
				9A61419B1CA9CC62009ACE34 /* User.swift in Sources */,
				9A3CEE141CAB08CA00EFC8A7 /* ProfileView.swift in Sources */,
				9A3CEE101CAB08BC00EFC8A7 /* ProfilePresenter.swift in Sources */,
				9A3CEE121CAB08C200EFC8A7 /* ProfileProtocols.swift in Sources */,
				9AFD61071CA408F600E1CC32 /* Resource.swift in Sources */,
				9AFD61061CA408F600E1CC32 /* JSONDecodable.swift in Sources */,
				9A3CEE081CAB089F00EFC8A7 /* ProfileAPIDataManager.swift in Sources */,
				9ADA5B181CA6FB2D00C4B285 /* AIDViewController.swift in Sources */,
				9A6B1ADF1C9DC36A006D7A7C /* AppDelegate.swift in Sources */,
				9A92D4F31CA449C100AEB182 /* LoginWireFrame.swift in Sources */,
				9A92D4EA1CA4495D00AEB182 /* LoginPresenter.swift in Sources */,
				9A40115F1C9F11BC0038BC2D /* AppDependencies.swift in Sources */,
				9A4011541C9EFD880038BC2D /* AIDColor.swift in Sources */,
				9AFD61051CA408F600E1CC32 /* APIClient.swift in Sources */,
				9ADA5B131CA6BC2200C4B285 /* AIDProgressView.swift in Sources */,
				9A3CEE0D1CAB08B400EFC8A7 /* ProfileInteractor.swift in Sources */,
				9A3CEE161CAB08D100EFC8A7 /* ProfileWireFrame.swift in Sources */,
				9A92D4E21CA4492500AEB182 /* LoginLocalDataManager.swift in Sources */,
			);
			runOnlyForDeploymentPostprocessing = 0;
		};
		9A6B1AEB1C9DC36A006D7A7C /* Sources */ = {
			isa = PBXSourcesBuildPhase;
			buildActionMask = 2147483647;
			files = (
				9A6B1AF41C9DC36A006D7A7C /* UserManagerTests.swift in Sources */,
			);
			runOnlyForDeploymentPostprocessing = 0;
		};
/* End PBXSourcesBuildPhase section */

/* Begin PBXTargetDependency section */
		9A6B1AF11C9DC36A006D7A7C /* PBXTargetDependency */ = {
			isa = PBXTargetDependency;
			target = 9A6B1ADA1C9DC36A006D7A7C /* aidify */;
			targetProxy = 9A6B1AF01C9DC36A006D7A7C /* PBXContainerItemProxy */;
		};
/* End PBXTargetDependency section */

/* Begin PBXVariantGroup section */
		9A6B1AE71C9DC36A006D7A7C /* LaunchScreen.storyboard */ = {
			isa = PBXVariantGroup;
			children = (
				9A6B1AE81C9DC36A006D7A7C /* Base */,
			);
			name = LaunchScreen.storyboard;
			sourceTree = "<group>";
		};
		9A92D4F41CA44CB900AEB182 /* LoginView.xib */ = {
			isa = PBXVariantGroup;
			children = (
				9A92D4F51CA44CB900AEB182 /* Base */,
			);
			name = LoginView.xib;
			path = ..;
			sourceTree = "<group>";
		};
/* End PBXVariantGroup section */

/* Begin XCBuildConfiguration section */
		9A6B1AF61C9DC36A006D7A7C /* Debug */ = {
			isa = XCBuildConfiguration;
			buildSettings = {
				ALWAYS_SEARCH_USER_PATHS = NO;
				CLANG_CXX_LANGUAGE_STANDARD = "gnu++0x";
				CLANG_CXX_LIBRARY = "libc++";
				CLANG_ENABLE_MODULES = YES;
				CLANG_ENABLE_OBJC_ARC = YES;
				CLANG_WARN_BOOL_CONVERSION = YES;
				CLANG_WARN_CONSTANT_CONVERSION = YES;
				CLANG_WARN_DIRECT_OBJC_ISA_USAGE = YES_ERROR;
				CLANG_WARN_EMPTY_BODY = YES;
				CLANG_WARN_ENUM_CONVERSION = YES;
				CLANG_WARN_INT_CONVERSION = YES;
				CLANG_WARN_OBJC_ROOT_CLASS = YES_ERROR;
				CLANG_WARN_UNREACHABLE_CODE = YES;
				CLANG_WARN__DUPLICATE_METHOD_MATCH = YES;
				"CODE_SIGN_IDENTITY[sdk=iphoneos*]" = "iPhone Developer";
				COPY_PHASE_STRIP = NO;
				DEBUG_INFORMATION_FORMAT = dwarf;
				ENABLE_STRICT_OBJC_MSGSEND = YES;
				ENABLE_TESTABILITY = YES;
				GCC_C_LANGUAGE_STANDARD = gnu99;
				GCC_DYNAMIC_NO_PIC = NO;
				GCC_NO_COMMON_BLOCKS = YES;
				GCC_OPTIMIZATION_LEVEL = 0;
				GCC_PREPROCESSOR_DEFINITIONS = (
					"DEBUG=1",
					"$(inherited)",
				);
				GCC_WARN_64_TO_32_BIT_CONVERSION = YES;
				GCC_WARN_ABOUT_RETURN_TYPE = YES_ERROR;
				GCC_WARN_UNDECLARED_SELECTOR = YES;
				GCC_WARN_UNINITIALIZED_AUTOS = YES_AGGRESSIVE;
				GCC_WARN_UNUSED_FUNCTION = YES;
				GCC_WARN_UNUSED_VARIABLE = YES;
				IPHONEOS_DEPLOYMENT_TARGET = 9.2;
				MTL_ENABLE_DEBUG_INFO = YES;
				ONLY_ACTIVE_ARCH = YES;
				SDKROOT = iphoneos;
				SWIFT_OPTIMIZATION_LEVEL = "-Onone";
			};
			name = Debug;
		};
		9A6B1AF71C9DC36A006D7A7C /* Release */ = {
			isa = XCBuildConfiguration;
			buildSettings = {
				ALWAYS_SEARCH_USER_PATHS = NO;
				CLANG_CXX_LANGUAGE_STANDARD = "gnu++0x";
				CLANG_CXX_LIBRARY = "libc++";
				CLANG_ENABLE_MODULES = YES;
				CLANG_ENABLE_OBJC_ARC = YES;
				CLANG_WARN_BOOL_CONVERSION = YES;
				CLANG_WARN_CONSTANT_CONVERSION = YES;
				CLANG_WARN_DIRECT_OBJC_ISA_USAGE = YES_ERROR;
				CLANG_WARN_EMPTY_BODY = YES;
				CLANG_WARN_ENUM_CONVERSION = YES;
				CLANG_WARN_INT_CONVERSION = YES;
				CLANG_WARN_OBJC_ROOT_CLASS = YES_ERROR;
				CLANG_WARN_UNREACHABLE_CODE = YES;
				CLANG_WARN__DUPLICATE_METHOD_MATCH = YES;
				"CODE_SIGN_IDENTITY[sdk=iphoneos*]" = "iPhone Developer";
				COPY_PHASE_STRIP = NO;
				DEBUG_INFORMATION_FORMAT = "dwarf-with-dsym";
				ENABLE_NS_ASSERTIONS = NO;
				ENABLE_STRICT_OBJC_MSGSEND = YES;
				GCC_C_LANGUAGE_STANDARD = gnu99;
				GCC_NO_COMMON_BLOCKS = YES;
				GCC_WARN_64_TO_32_BIT_CONVERSION = YES;
				GCC_WARN_ABOUT_RETURN_TYPE = YES_ERROR;
				GCC_WARN_UNDECLARED_SELECTOR = YES;
				GCC_WARN_UNINITIALIZED_AUTOS = YES_AGGRESSIVE;
				GCC_WARN_UNUSED_FUNCTION = YES;
				GCC_WARN_UNUSED_VARIABLE = YES;
				IPHONEOS_DEPLOYMENT_TARGET = 9.2;
				MTL_ENABLE_DEBUG_INFO = NO;
				SDKROOT = iphoneos;
				VALIDATE_PRODUCT = YES;
			};
			name = Release;
		};
		9A6B1AF91C9DC36A006D7A7C /* Debug */ = {
			isa = XCBuildConfiguration;
			buildSettings = {
				ASSETCATALOG_COMPILER_APPICON_NAME = AppIcon;
				CODE_SIGN_IDENTITY = "iPhone Developer";
				INFOPLIST_FILE = aidify/Info.plist;
				LD_RUNPATH_SEARCH_PATHS = "$(inherited) @executable_path/Frameworks";
				PRODUCT_BUNDLE_IDENTIFIER = com.aidify.aidify;
				PRODUCT_NAME = "$(TARGET_NAME)";
				TARGETED_DEVICE_FAMILY = "1,2";
			};
			name = Debug;
		};
		9A6B1AFA1C9DC36A006D7A7C /* Release */ = {
			isa = XCBuildConfiguration;
			buildSettings = {
				ASSETCATALOG_COMPILER_APPICON_NAME = AppIcon;
				CODE_SIGN_IDENTITY = "iPhone Developer";
				INFOPLIST_FILE = aidify/Info.plist;
				LD_RUNPATH_SEARCH_PATHS = "$(inherited) @executable_path/Frameworks";
				PRODUCT_BUNDLE_IDENTIFIER = com.aidify.aidify;
				PRODUCT_NAME = "$(TARGET_NAME)";
				TARGETED_DEVICE_FAMILY = "1,2";
			};
			name = Release;
		};
		9A6B1AFC1C9DC36A006D7A7C /* Debug */ = {
			isa = XCBuildConfiguration;
			buildSettings = {
				BUNDLE_LOADER = "$(TEST_HOST)";
				INFOPLIST_FILE = aidifyTests/Info.plist;
				LD_RUNPATH_SEARCH_PATHS = "$(inherited) @executable_path/Frameworks @loader_path/Frameworks";
				PRODUCT_BUNDLE_IDENTIFIER = com.aidify.aidifyTests;
				PRODUCT_NAME = "$(TARGET_NAME)";
				TEST_HOST = "$(BUILT_PRODUCTS_DIR)/aidify.app/aidify";
			};
			name = Debug;
		};
		9A6B1AFD1C9DC36A006D7A7C /* Release */ = {
			isa = XCBuildConfiguration;
			buildSettings = {
				BUNDLE_LOADER = "$(TEST_HOST)";
				INFOPLIST_FILE = aidifyTests/Info.plist;
				LD_RUNPATH_SEARCH_PATHS = "$(inherited) @executable_path/Frameworks @loader_path/Frameworks";
				PRODUCT_BUNDLE_IDENTIFIER = com.aidify.aidifyTests;
				PRODUCT_NAME = "$(TARGET_NAME)";
				TEST_HOST = "$(BUILT_PRODUCTS_DIR)/aidify.app/aidify";
			};
			name = Release;
		};
/* End XCBuildConfiguration section */

/* Begin XCConfigurationList section */
		9A6B1AD61C9DC36A006D7A7C /* Build configuration list for PBXProject "aidify" */ = {
			isa = XCConfigurationList;
			buildConfigurations = (
				9A6B1AF61C9DC36A006D7A7C /* Debug */,
				9A6B1AF71C9DC36A006D7A7C /* Release */,
			);
			defaultConfigurationIsVisible = 0;
			defaultConfigurationName = Release;
		};
		9A6B1AF81C9DC36A006D7A7C /* Build configuration list for PBXNativeTarget "aidify" */ = {
			isa = XCConfigurationList;
			buildConfigurations = (
				9A6B1AF91C9DC36A006D7A7C /* Debug */,
				9A6B1AFA1C9DC36A006D7A7C /* Release */,
			);
			defaultConfigurationIsVisible = 0;
			defaultConfigurationName = Release;
		};
		9A6B1AFB1C9DC36A006D7A7C /* Build configuration list for PBXNativeTarget "aidifyTests" */ = {
			isa = XCConfigurationList;
			buildConfigurations = (
				9A6B1AFC1C9DC36A006D7A7C /* Debug */,
				9A6B1AFD1C9DC36A006D7A7C /* Release */,
			);
			defaultConfigurationIsVisible = 0;
			defaultConfigurationName = Release;
		};
/* End XCConfigurationList section */
	};
	rootObject = 9A6B1AD31C9DC36A006D7A7C /* Project object */;
}
